// !$*UTF8*$!
{
	archiveVersion = 1;
	classes = {
	};
	objectVersion = 51;
	objects = {

/* Begin PBXBuildFile section */
		20B0DAC959ED2F630700C699 /* Pods_MVVM_TableView.framework in Frameworks */ = {isa = PBXBuildFile; fileRef = 87441B5F5F4C7F585525CAC3 /* Pods_MVVM_TableView.framework */; };
		4FB3C78EE38730F299D515E0 /* Pods_MVVM_TableViewTests.framework in Frameworks */ = {isa = PBXBuildFile; fileRef = 975B665959282A2290663AA6 /* Pods_MVVM_TableViewTests.framework */; };
		B38020FCCC6BB730C6BFE1B6 /* Pods_MVVM_TableView_MVVM_TableViewUITests.framework in Frameworks */ = {isa = PBXBuildFile; fileRef = 89B779319FD4DCC530A2B748 /* Pods_MVVM_TableView_MVVM_TableViewUITests.framework */; };
		D1449DA826A85B080083418D /* AppDelegate.swift in Sources */ = {isa = PBXBuildFile; fileRef = D1449DA726A85B080083418D /* AppDelegate.swift */; };
		D1449DAA26A85B080083418D /* SceneDelegate.swift in Sources */ = {isa = PBXBuildFile; fileRef = D1449DA926A85B080083418D /* SceneDelegate.swift */; };
		D1449DAC26A85B080083418D /* ViewController.swift in Sources */ = {isa = PBXBuildFile; fileRef = D1449DAB26A85B080083418D /* ViewController.swift */; };
		D1449DAF26A85B080083418D /* Main.storyboard in Resources */ = {isa = PBXBuildFile; fileRef = D1449DAD26A85B080083418D /* Main.storyboard */; };
		D1449DB126A85B0B0083418D /* Assets.xcassets in Resources */ = {isa = PBXBuildFile; fileRef = D1449DB026A85B0B0083418D /* Assets.xcassets */; };
		D1449DB426A85B0B0083418D /* LaunchScreen.storyboard in Resources */ = {isa = PBXBuildFile; fileRef = D1449DB226A85B0B0083418D /* LaunchScreen.storyboard */; };
		D1449DBF26A85B0B0083418D /* MVVM_TableViewTests.swift in Sources */ = {isa = PBXBuildFile; fileRef = D1449DBE26A85B0B0083418D /* MVVM_TableViewTests.swift */; };
		D1449DCA26A85B0B0083418D /* MVVM_TableViewUITests.swift in Sources */ = {isa = PBXBuildFile; fileRef = D1449DC926A85B0B0083418D /* MVVM_TableViewUITests.swift */; };
		D1449DDA26A89CC80083418D /* Article.swift in Sources */ = {isa = PBXBuildFile; fileRef = D1449DD926A89CC80083418D /* Article.swift */; };
		D1449DE226A89D5C0083418D /* Dynamic.swift in Sources */ = {isa = PBXBuildFile; fileRef = D1449DE126A89D5C0083418D /* Dynamic.swift */; };
		D1449DE626A89E960083418D /* APIService.swift in Sources */ = {isa = PBXBuildFile; fileRef = D1449DE526A89E960083418D /* APIService.swift */; };
		D1449DE826A8A22A0083418D /* ArticleService.swift in Sources */ = {isa = PBXBuildFile; fileRef = D1449DE726A8A22A0083418D /* ArticleService.swift */; };
		D19AA65A26A8CC1C006FA368 /* APIConstants.swift in Sources */ = {isa = PBXBuildFile; fileRef = D19AA65926A8CC1C006FA368 /* APIConstants.swift */; };
		D19AA66126A8E7C6006FA368 /* ArticleTableViewCell.swift in Sources */ = {isa = PBXBuildFile; fileRef = D19AA66026A8E7C6006FA368 /* ArticleTableViewCell.swift */; };
		D19AA66526A8EB54006FA368 /* Extension.swift in Sources */ = {isa = PBXBuildFile; fileRef = D19AA66426A8EB54006FA368 /* Extension.swift */; };
		D19AA66826A8F033006FA368 /* ArticleListViewModel.swift in Sources */ = {isa = PBXBuildFile; fileRef = D19AA66726A8F033006FA368 /* ArticleListViewModel.swift */; };
/* End PBXBuildFile section */

/* Begin PBXContainerItemProxy section */
		D1449DBB26A85B0B0083418D /* PBXContainerItemProxy */ = {
			isa = PBXContainerItemProxy;
			containerPortal = D1449D9C26A85B080083418D /* Project object */;
			proxyType = 1;
			remoteGlobalIDString = D1449DA326A85B080083418D;
			remoteInfo = "MVVM-TableView";
		};
		D1449DC626A85B0B0083418D /* PBXContainerItemProxy */ = {
			isa = PBXContainerItemProxy;
			containerPortal = D1449D9C26A85B080083418D /* Project object */;
			proxyType = 1;
			remoteGlobalIDString = D1449DA326A85B080083418D;
			remoteInfo = "MVVM-TableView";
		};
/* End PBXContainerItemProxy section */

/* Begin PBXFileReference section */
		1D51D8C04A08569D294D7D4E /* Pods-MVVM-TableViewTests.debug.xcconfig */ = {isa = PBXFileReference; includeInIndex = 1; lastKnownFileType = text.xcconfig; name = "Pods-MVVM-TableViewTests.debug.xcconfig"; path = "Target Support Files/Pods-MVVM-TableViewTests/Pods-MVVM-TableViewTests.debug.xcconfig"; sourceTree = "<group>"; };
		7F4AE5B141F16FE1F3CF4D5F /* Pods-MVVM-TableView.release.xcconfig */ = {isa = PBXFileReference; includeInIndex = 1; lastKnownFileType = text.xcconfig; name = "Pods-MVVM-TableView.release.xcconfig"; path = "Target Support Files/Pods-MVVM-TableView/Pods-MVVM-TableView.release.xcconfig"; sourceTree = "<group>"; };
		87441B5F5F4C7F585525CAC3 /* Pods_MVVM_TableView.framework */ = {isa = PBXFileReference; explicitFileType = wrapper.framework; includeInIndex = 0; path = Pods_MVVM_TableView.framework; sourceTree = BUILT_PRODUCTS_DIR; };
		89B779319FD4DCC530A2B748 /* Pods_MVVM_TableView_MVVM_TableViewUITests.framework */ = {isa = PBXFileReference; explicitFileType = wrapper.framework; includeInIndex = 0; path = Pods_MVVM_TableView_MVVM_TableViewUITests.framework; sourceTree = BUILT_PRODUCTS_DIR; };
		975B665959282A2290663AA6 /* Pods_MVVM_TableViewTests.framework */ = {isa = PBXFileReference; explicitFileType = wrapper.framework; includeInIndex = 0; path = Pods_MVVM_TableViewTests.framework; sourceTree = BUILT_PRODUCTS_DIR; };
		AAA370FC9EB0A8E7D22323F5 /* Pods-MVVM-TableView-MVVM-TableViewUITests.debug.xcconfig */ = {isa = PBXFileReference; includeInIndex = 1; lastKnownFileType = text.xcconfig; name = "Pods-MVVM-TableView-MVVM-TableViewUITests.debug.xcconfig"; path = "Target Support Files/Pods-MVVM-TableView-MVVM-TableViewUITests/Pods-MVVM-TableView-MVVM-TableViewUITests.debug.xcconfig"; sourceTree = "<group>"; };
		CF6AAFEEBEDF6C2301E34582 /* Pods-MVVM-TableView.debug.xcconfig */ = {isa = PBXFileReference; includeInIndex = 1; lastKnownFileType = text.xcconfig; name = "Pods-MVVM-TableView.debug.xcconfig"; path = "Target Support Files/Pods-MVVM-TableView/Pods-MVVM-TableView.debug.xcconfig"; sourceTree = "<group>"; };
		D1449DA426A85B080083418D /* MVVM-TableView.app */ = {isa = PBXFileReference; explicitFileType = wrapper.application; includeInIndex = 0; path = "MVVM-TableView.app"; sourceTree = BUILT_PRODUCTS_DIR; };
		D1449DA726A85B080083418D /* AppDelegate.swift */ = {isa = PBXFileReference; lastKnownFileType = sourcecode.swift; path = AppDelegate.swift; sourceTree = "<group>"; };
		D1449DA926A85B080083418D /* SceneDelegate.swift */ = {isa = PBXFileReference; lastKnownFileType = sourcecode.swift; path = SceneDelegate.swift; sourceTree = "<group>"; };
		D1449DAB26A85B080083418D /* ViewController.swift */ = {isa = PBXFileReference; lastKnownFileType = sourcecode.swift; path = ViewController.swift; sourceTree = "<group>"; };
		D1449DAE26A85B080083418D /* Base */ = {isa = PBXFileReference; lastKnownFileType = file.storyboard; name = Base; path = Base.lproj/Main.storyboard; sourceTree = "<group>"; };
		D1449DB026A85B0B0083418D /* Assets.xcassets */ = {isa = PBXFileReference; lastKnownFileType = folder.assetcatalog; path = Assets.xcassets; sourceTree = "<group>"; };
		D1449DB326A85B0B0083418D /* Base */ = {isa = PBXFileReference; lastKnownFileType = file.storyboard; name = Base; path = Base.lproj/LaunchScreen.storyboard; sourceTree = "<group>"; };
		D1449DB526A85B0B0083418D /* Info.plist */ = {isa = PBXFileReference; lastKnownFileType = text.plist.xml; path = Info.plist; sourceTree = "<group>"; };
		D1449DBA26A85B0B0083418D /* MVVM-TableViewTests.xctest */ = {isa = PBXFileReference; explicitFileType = wrapper.cfbundle; includeInIndex = 0; path = "MVVM-TableViewTests.xctest"; sourceTree = BUILT_PRODUCTS_DIR; };
		D1449DBE26A85B0B0083418D /* MVVM_TableViewTests.swift */ = {isa = PBXFileReference; lastKnownFileType = sourcecode.swift; path = MVVM_TableViewTests.swift; sourceTree = "<group>"; };
		D1449DC026A85B0B0083418D /* Info.plist */ = {isa = PBXFileReference; lastKnownFileType = text.plist.xml; path = Info.plist; sourceTree = "<group>"; };
		D1449DC526A85B0B0083418D /* MVVM-TableViewUITests.xctest */ = {isa = PBXFileReference; explicitFileType = wrapper.cfbundle; includeInIndex = 0; path = "MVVM-TableViewUITests.xctest"; sourceTree = BUILT_PRODUCTS_DIR; };
		D1449DC926A85B0B0083418D /* MVVM_TableViewUITests.swift */ = {isa = PBXFileReference; lastKnownFileType = sourcecode.swift; path = MVVM_TableViewUITests.swift; sourceTree = "<group>"; };
		D1449DCB26A85B0B0083418D /* Info.plist */ = {isa = PBXFileReference; lastKnownFileType = text.plist.xml; path = Info.plist; sourceTree = "<group>"; };
		D1449DD926A89CC80083418D /* Article.swift */ = {isa = PBXFileReference; lastKnownFileType = sourcecode.swift; path = Article.swift; sourceTree = "<group>"; };
		D1449DE126A89D5C0083418D /* Dynamic.swift */ = {isa = PBXFileReference; lastKnownFileType = sourcecode.swift; path = Dynamic.swift; sourceTree = "<group>"; };
		D1449DE526A89E960083418D /* APIService.swift */ = {isa = PBXFileReference; lastKnownFileType = sourcecode.swift; path = APIService.swift; sourceTree = "<group>"; };
		D1449DE726A8A22A0083418D /* ArticleService.swift */ = {isa = PBXFileReference; lastKnownFileType = sourcecode.swift; path = ArticleService.swift; sourceTree = "<group>"; };
		D19AA65926A8CC1C006FA368 /* APIConstants.swift */ = {isa = PBXFileReference; lastKnownFileType = sourcecode.swift; path = APIConstants.swift; sourceTree = "<group>"; };
		D19AA66026A8E7C6006FA368 /* ArticleTableViewCell.swift */ = {isa = PBXFileReference; lastKnownFileType = sourcecode.swift; path = ArticleTableViewCell.swift; sourceTree = "<group>"; };
		D19AA66426A8EB54006FA368 /* Extension.swift */ = {isa = PBXFileReference; lastKnownFileType = sourcecode.swift; path = Extension.swift; sourceTree = "<group>"; };
		D19AA66726A8F033006FA368 /* ArticleListViewModel.swift */ = {isa = PBXFileReference; lastKnownFileType = sourcecode.swift; path = ArticleListViewModel.swift; sourceTree = "<group>"; };
		DAB2373932C3DB16EF700F5B /* Pods-MVVM-TableView-MVVM-TableViewUITests.release.xcconfig */ = {isa = PBXFileReference; includeInIndex = 1; lastKnownFileType = text.xcconfig; name = "Pods-MVVM-TableView-MVVM-TableViewUITests.release.xcconfig"; path = "Target Support Files/Pods-MVVM-TableView-MVVM-TableViewUITests/Pods-MVVM-TableView-MVVM-TableViewUITests.release.xcconfig"; sourceTree = "<group>"; };
		FE8844A20DB318845DF3DC7C /* Pods-MVVM-TableViewTests.release.xcconfig */ = {isa = PBXFileReference; includeInIndex = 1; lastKnownFileType = text.xcconfig; name = "Pods-MVVM-TableViewTests.release.xcconfig"; path = "Target Support Files/Pods-MVVM-TableViewTests/Pods-MVVM-TableViewTests.release.xcconfig"; sourceTree = "<group>"; };
/* End PBXFileReference section */

/* Begin PBXFrameworksBuildPhase section */
		D1449DA126A85B080083418D /* Frameworks */ = {
			isa = PBXFrameworksBuildPhase;
			buildActionMask = 2147483647;
			files = (
				20B0DAC959ED2F630700C699 /* Pods_MVVM_TableView.framework in Frameworks */,
			);
			runOnlyForDeploymentPostprocessing = 0;
		};
		D1449DB726A85B0B0083418D /* Frameworks */ = {
			isa = PBXFrameworksBuildPhase;
			buildActionMask = 2147483647;
			files = (
				4FB3C78EE38730F299D515E0 /* Pods_MVVM_TableViewTests.framework in Frameworks */,
			);
			runOnlyForDeploymentPostprocessing = 0;
		};
		D1449DC226A85B0B0083418D /* Frameworks */ = {
			isa = PBXFrameworksBuildPhase;
			buildActionMask = 2147483647;
			files = (
				B38020FCCC6BB730C6BFE1B6 /* Pods_MVVM_TableView_MVVM_TableViewUITests.framework in Frameworks */,
			);
			runOnlyForDeploymentPostprocessing = 0;
		};
/* End PBXFrameworksBuildPhase section */

/* Begin PBXGroup section */
		01605EEC30AC9B4EB84EA8C3 /* Frameworks */ = {
			isa = PBXGroup;
			children = (
				87441B5F5F4C7F585525CAC3 /* Pods_MVVM_TableView.framework */,
				89B779319FD4DCC530A2B748 /* Pods_MVVM_TableView_MVVM_TableViewUITests.framework */,
				975B665959282A2290663AA6 /* Pods_MVVM_TableViewTests.framework */,
			);
			name = Frameworks;
			sourceTree = "<group>";
		};
		37113FF20B7FC2BC09BEE854 /* Pods */ = {
			isa = PBXGroup;
			children = (
				CF6AAFEEBEDF6C2301E34582 /* Pods-MVVM-TableView.debug.xcconfig */,
				7F4AE5B141F16FE1F3CF4D5F /* Pods-MVVM-TableView.release.xcconfig */,
				AAA370FC9EB0A8E7D22323F5 /* Pods-MVVM-TableView-MVVM-TableViewUITests.debug.xcconfig */,
				DAB2373932C3DB16EF700F5B /* Pods-MVVM-TableView-MVVM-TableViewUITests.release.xcconfig */,
				1D51D8C04A08569D294D7D4E /* Pods-MVVM-TableViewTests.debug.xcconfig */,
				FE8844A20DB318845DF3DC7C /* Pods-MVVM-TableViewTests.release.xcconfig */,
			);
			path = Pods;
			sourceTree = "<group>";
		};
		D1449D9B26A85B080083418D = {
			isa = PBXGroup;
			children = (
				D1449DA626A85B080083418D /* MVVM-TableView */,
				D1449DBD26A85B0B0083418D /* MVVM-TableViewTests */,
				D1449DC826A85B0B0083418D /* MVVM-TableViewUITests */,
				D1449DA526A85B080083418D /* Products */,
				37113FF20B7FC2BC09BEE854 /* Pods */,
				01605EEC30AC9B4EB84EA8C3 /* Frameworks */,
			);
			sourceTree = "<group>";
		};
		D1449DA526A85B080083418D /* Products */ = {
			isa = PBXGroup;
			children = (
				D1449DA426A85B080083418D /* MVVM-TableView.app */,
				D1449DBA26A85B0B0083418D /* MVVM-TableViewTests.xctest */,
				D1449DC526A85B0B0083418D /* MVVM-TableViewUITests.xctest */,
			);
			name = Products;
			sourceTree = "<group>";
		};
		D1449DA626A85B080083418D /* MVVM-TableView */ = {
			isa = PBXGroup;
			children = (
				D1449DB526A85B0B0083418D /* Info.plist */,
				D1449DE426A89E8C0083418D /* Service */,
				D1449DE326A89D710083418D /* Configure */,
				D1449DE026A89D4F0083418D /* Base */,
				D1449DDF26A89D340083418D /* ViewModel */,
				D1449DDC26A89D110083418D /* Model */,
				D19AA66226A8EB2E006FA368 /* Utility */,
				D1449DDB26A89D080083418D /* View */,
			);
			path = "MVVM-TableView";
			sourceTree = "<group>";
		};
		D1449DBD26A85B0B0083418D /* MVVM-TableViewTests */ = {
			isa = PBXGroup;
			children = (
				D1449DBE26A85B0B0083418D /* MVVM_TableViewTests.swift */,
				D1449DC026A85B0B0083418D /* Info.plist */,
			);
			path = "MVVM-TableViewTests";
			sourceTree = "<group>";
		};
		D1449DC826A85B0B0083418D /* MVVM-TableViewUITests */ = {
			isa = PBXGroup;
			children = (
				D1449DC926A85B0B0083418D /* MVVM_TableViewUITests.swift */,
				D1449DCB26A85B0B0083418D /* Info.plist */,
			);
			path = "MVVM-TableViewUITests";
			sourceTree = "<group>";
		};
		D1449DDB26A89D080083418D /* View */ = {
			isa = PBXGroup;
			children = (
				D1449DDE26A89D270083418D /* Storyboard */,
				D19AA65F26A8E7B1006FA368 /* Cell */,
				D1449DDD26A89D1C0083418D /* Cotroller */,
			);
			path = View;
			sourceTree = "<group>";
		};
		D1449DDC26A89D110083418D /* Model */ = {
			isa = PBXGroup;
			children = (
				D1449DD926A89CC80083418D /* Article.swift */,
			);
			path = Model;
			sourceTree = "<group>";
		};
		D1449DDD26A89D1C0083418D /* Cotroller */ = {
			isa = PBXGroup;
			children = (
				D1449DAB26A85B080083418D /* ViewController.swift */,
			);
			path = Cotroller;
			sourceTree = "<group>";
		};
		D1449DDE26A89D270083418D /* Storyboard */ = {
			isa = PBXGroup;
			children = (
				D1449DAD26A85B080083418D /* Main.storyboard */,
			);
			path = Storyboard;
			sourceTree = "<group>";
		};
		D1449DDF26A89D340083418D /* ViewModel */ = {
			isa = PBXGroup;
			children = (
				D19AA66726A8F033006FA368 /* ArticleListViewModel.swift */,
			);
			path = ViewModel;
			sourceTree = "<group>";
		};
		D1449DE026A89D4F0083418D /* Base */ = {
			isa = PBXGroup;
			children = (
				D1449DE126A89D5C0083418D /* Dynamic.swift */,
			);
			path = Base;
			sourceTree = "<group>";
		};
		D1449DE326A89D710083418D /* Configure */ = {
			isa = PBXGroup;
			children = (
				D1449DA726A85B080083418D /* AppDelegate.swift */,
				D1449DA926A85B080083418D /* SceneDelegate.swift */,
				D1449DB026A85B0B0083418D /* Assets.xcassets */,
				D1449DB226A85B0B0083418D /* LaunchScreen.storyboard */,
			);
			path = Configure;
			sourceTree = "<group>";
		};
		D1449DE426A89E8C0083418D /* Service */ = {
			isa = PBXGroup;
			children = (
				D1449DE526A89E960083418D /* APIService.swift */,
				D19AA65926A8CC1C006FA368 /* APIConstants.swift */,
				D1449DE726A8A22A0083418D /* ArticleService.swift */,
			);
			path = Service;
			sourceTree = "<group>";
		};
		D19AA65F26A8E7B1006FA368 /* Cell */ = {
			isa = PBXGroup;
			children = (
				D19AA66026A8E7C6006FA368 /* ArticleTableViewCell.swift */,
			);
			path = Cell;
			sourceTree = "<group>";
		};
		D19AA66226A8EB2E006FA368 /* Utility */ = {
			isa = PBXGroup;
			children = (
				D19AA66326A8EB3E006FA368 /* Extension */,
			);
			path = Utility;
			sourceTree = "<group>";
		};
		D19AA66326A8EB3E006FA368 /* Extension */ = {
			isa = PBXGroup;
			children = (
				D19AA66426A8EB54006FA368 /* Extension.swift */,
			);
			path = Extension;
			sourceTree = "<group>";
		};
/* End PBXGroup section */

/* Begin PBXNativeTarget section */
		D1449DA326A85B080083418D /* MVVM-TableView */ = {
			isa = PBXNativeTarget;
			buildConfigurationList = D1449DCE26A85B0B0083418D /* Build configuration list for PBXNativeTarget "MVVM-TableView" */;
			buildPhases = (
				5259857B0ACCCBE5EC02B655 /* [CP] Check Pods Manifest.lock */,
				D1449DA026A85B080083418D /* Sources */,
				D1449DA126A85B080083418D /* Frameworks */,
				D1449DA226A85B080083418D /* Resources */,
				CC6483D80DDAD76A5D691EBB /* [CP] Embed Pods Frameworks */,
			);
			buildRules = (
			);
			dependencies = (
			);
			name = "MVVM-TableView";
			productName = "MVVM-TableView";
			productReference = D1449DA426A85B080083418D /* MVVM-TableView.app */;
			productType = "com.apple.product-type.application";
		};
		D1449DB926A85B0B0083418D /* MVVM-TableViewTests */ = {
			isa = PBXNativeTarget;
			buildConfigurationList = D1449DD126A85B0B0083418D /* Build configuration list for PBXNativeTarget "MVVM-TableViewTests" */;
			buildPhases = (
				63444E453183D856C30E3C37 /* [CP] Check Pods Manifest.lock */,
				D1449DB626A85B0B0083418D /* Sources */,
				D1449DB726A85B0B0083418D /* Frameworks */,
				D1449DB826A85B0B0083418D /* Resources */,
			);
			buildRules = (
			);
			dependencies = (
				D1449DBC26A85B0B0083418D /* PBXTargetDependency */,
			);
			name = "MVVM-TableViewTests";
			productName = "MVVM-TableViewTests";
			productReference = D1449DBA26A85B0B0083418D /* MVVM-TableViewTests.xctest */;
			productType = "com.apple.product-type.bundle.unit-test";
		};
		D1449DC426A85B0B0083418D /* MVVM-TableViewUITests */ = {
			isa = PBXNativeTarget;
			buildConfigurationList = D1449DD426A85B0B0083418D /* Build configuration list for PBXNativeTarget "MVVM-TableViewUITests" */;
			buildPhases = (
				49AD8F22227AF0A36FFB4614 /* [CP] Check Pods Manifest.lock */,
				D1449DC126A85B0B0083418D /* Sources */,
				D1449DC226A85B0B0083418D /* Frameworks */,
				D1449DC326A85B0B0083418D /* Resources */,
				63A69EBC3DF8E311956FFB64 /* [CP] Embed Pods Frameworks */,
			);
			buildRules = (
			);
			dependencies = (
				D1449DC726A85B0B0083418D /* PBXTargetDependency */,
			);
			name = "MVVM-TableViewUITests";
			productName = "MVVM-TableViewUITests";
			productReference = D1449DC526A85B0B0083418D /* MVVM-TableViewUITests.xctest */;
			productType = "com.apple.product-type.bundle.ui-testing";
		};
/* End PBXNativeTarget section */

/* Begin PBXProject section */
		D1449D9C26A85B080083418D /* Project object */ = {
			isa = PBXProject;
			attributes = {
				LastSwiftUpdateCheck = 1250;
				LastUpgradeCheck = 1250;
				TargetAttributes = {
					D1449DA326A85B080083418D = {
						CreatedOnToolsVersion = 12.5.1;
					};
					D1449DB926A85B0B0083418D = {
						CreatedOnToolsVersion = 12.5.1;
						TestTargetID = D1449DA326A85B080083418D;
					};
					D1449DC426A85B0B0083418D = {
						CreatedOnToolsVersion = 12.5.1;
						TestTargetID = D1449DA326A85B080083418D;
					};
				};
			};
			buildConfigurationList = D1449D9F26A85B080083418D /* Build configuration list for PBXProject "MVVM-TableView" */;
			compatibilityVersion = "Xcode 9.3";
			developmentRegion = en;
			hasScannedForEncodings = 0;
			knownRegions = (
				en,
				Base,
			);
			mainGroup = D1449D9B26A85B080083418D;
			productRefGroup = D1449DA526A85B080083418D /* Products */;
			projectDirPath = "";
			projectRoot = "";
			targets = (
				D1449DA326A85B080083418D /* MVVM-TableView */,
				D1449DB926A85B0B0083418D /* MVVM-TableViewTests */,
				D1449DC426A85B0B0083418D /* MVVM-TableViewUITests */,
			);
		};
/* End PBXProject section */

/* Begin PBXResourcesBuildPhase section */
		D1449DA226A85B080083418D /* Resources */ = {
			isa = PBXResourcesBuildPhase;
			buildActionMask = 2147483647;
			files = (
				D1449DB426A85B0B0083418D /* LaunchScreen.storyboard in Resources */,
				D1449DB126A85B0B0083418D /* Assets.xcassets in Resources */,
				D1449DAF26A85B080083418D /* Main.storyboard in Resources */,
			);
			runOnlyForDeploymentPostprocessing = 0;
		};
		D1449DB826A85B0B0083418D /* Resources */ = {
			isa = PBXResourcesBuildPhase;
			buildActionMask = 2147483647;
			files = (
			);
			runOnlyForDeploymentPostprocessing = 0;
		};
		D1449DC326A85B0B0083418D /* Resources */ = {
			isa = PBXResourcesBuildPhase;
			buildActionMask = 2147483647;
			files = (
			);
			runOnlyForDeploymentPostprocessing = 0;
		};
/* End PBXResourcesBuildPhase section */

/* Begin PBXShellScriptBuildPhase section */
		49AD8F22227AF0A36FFB4614 /* [CP] Check Pods Manifest.lock */ = {
			isa = PBXShellScriptBuildPhase;
			buildActionMask = 2147483647;
			files = (
			);
			inputFileListPaths = (
			);
			inputPaths = (
				"${PODS_PODFILE_DIR_PATH}/Podfile.lock",
				"${PODS_ROOT}/Manifest.lock",
			);
			name = "[CP] Check Pods Manifest.lock";
			outputFileListPaths = (
			);
			outputPaths = (
				"$(DERIVED_FILE_DIR)/Pods-MVVM-TableView-MVVM-TableViewUITests-checkManifestLockResult.txt",
			);
			runOnlyForDeploymentPostprocessing = 0;
			shellPath = /bin/sh;
			shellScript = "diff \"${PODS_PODFILE_DIR_PATH}/Podfile.lock\" \"${PODS_ROOT}/Manifest.lock\" > /dev/null\nif [ $? != 0 ] ; then\n    # print error to STDERR\n    echo \"error: The sandbox is not in sync with the Podfile.lock. Run 'pod install' or update your CocoaPods installation.\" >&2\n    exit 1\nfi\n# This output is used by Xcode 'outputs' to avoid re-running this script phase.\necho \"SUCCESS\" > \"${SCRIPT_OUTPUT_FILE_0}\"\n";
			showEnvVarsInLog = 0;
		};
		5259857B0ACCCBE5EC02B655 /* [CP] Check Pods Manifest.lock */ = {
			isa = PBXShellScriptBuildPhase;
			buildActionMask = 2147483647;
			files = (
			);
			inputFileListPaths = (
			);
			inputPaths = (
				"${PODS_PODFILE_DIR_PATH}/Podfile.lock",
				"${PODS_ROOT}/Manifest.lock",
			);
			name = "[CP] Check Pods Manifest.lock";
			outputFileListPaths = (
			);
			outputPaths = (
				"$(DERIVED_FILE_DIR)/Pods-MVVM-TableView-checkManifestLockResult.txt",
			);
			runOnlyForDeploymentPostprocessing = 0;
			shellPath = /bin/sh;
			shellScript = "diff \"${PODS_PODFILE_DIR_PATH}/Podfile.lock\" \"${PODS_ROOT}/Manifest.lock\" > /dev/null\nif [ $? != 0 ] ; then\n    # print error to STDERR\n    echo \"error: The sandbox is not in sync with the Podfile.lock. Run 'pod install' or update your CocoaPods installation.\" >&2\n    exit 1\nfi\n# This output is used by Xcode 'outputs' to avoid re-running this script phase.\necho \"SUCCESS\" > \"${SCRIPT_OUTPUT_FILE_0}\"\n";
			showEnvVarsInLog = 0;
		};
		63444E453183D856C30E3C37 /* [CP] Check Pods Manifest.lock */ = {
			isa = PBXShellScriptBuildPhase;
			buildActionMask = 2147483647;
			files = (
			);
			inputFileListPaths = (
			);
			inputPaths = (
				"${PODS_PODFILE_DIR_PATH}/Podfile.lock",
				"${PODS_ROOT}/Manifest.lock",
			);
			name = "[CP] Check Pods Manifest.lock";
			outputFileListPaths = (
			);
			outputPaths = (
				"$(DERIVED_FILE_DIR)/Pods-MVVM-TableViewTests-checkManifestLockResult.txt",
			);
			runOnlyForDeploymentPostprocessing = 0;
			shellPath = /bin/sh;
			shellScript = "diff \"${PODS_PODFILE_DIR_PATH}/Podfile.lock\" \"${PODS_ROOT}/Manifest.lock\" > /dev/null\nif [ $? != 0 ] ; then\n    # print error to STDERR\n    echo \"error: The sandbox is not in sync with the Podfile.lock. Run 'pod install' or update your CocoaPods installation.\" >&2\n    exit 1\nfi\n# This output is used by Xcode 'outputs' to avoid re-running this script phase.\necho \"SUCCESS\" > \"${SCRIPT_OUTPUT_FILE_0}\"\n";
			showEnvVarsInLog = 0;
		};
		63A69EBC3DF8E311956FFB64 /* [CP] Embed Pods Frameworks */ = {
			isa = PBXShellScriptBuildPhase;
			buildActionMask = 2147483647;
			files = (
			);
			inputFileListPaths = (
				"${PODS_ROOT}/Target Support Files/Pods-MVVM-TableView-MVVM-TableViewUITests/Pods-MVVM-TableView-MVVM-TableViewUITests-frameworks-${CONFIGURATION}-input-files.xcfilelist",
			);
			name = "[CP] Embed Pods Frameworks";
			outputFileListPaths = (
				"${PODS_ROOT}/Target Support Files/Pods-MVVM-TableView-MVVM-TableViewUITests/Pods-MVVM-TableView-MVVM-TableViewUITests-frameworks-${CONFIGURATION}-output-files.xcfilelist",
			);
			runOnlyForDeploymentPostprocessing = 0;
			shellPath = /bin/sh;
			shellScript = "\"${PODS_ROOT}/Target Support Files/Pods-MVVM-TableView-MVVM-TableViewUITests/Pods-MVVM-TableView-MVVM-TableViewUITests-frameworks.sh\"\n";
			showEnvVarsInLog = 0;
		};
		CC6483D80DDAD76A5D691EBB /* [CP] Embed Pods Frameworks */ = {
			isa = PBXShellScriptBuildPhase;
			buildActionMask = 2147483647;
			files = (
			);
			inputFileListPaths = (
				"${PODS_ROOT}/Target Support Files/Pods-MVVM-TableView/Pods-MVVM-TableView-frameworks-${CONFIGURATION}-input-files.xcfilelist",
			);
			name = "[CP] Embed Pods Frameworks";
			outputFileListPaths = (
				"${PODS_ROOT}/Target Support Files/Pods-MVVM-TableView/Pods-MVVM-TableView-frameworks-${CONFIGURATION}-output-files.xcfilelist",
			);
			runOnlyForDeploymentPostprocessing = 0;
			shellPath = /bin/sh;
			shellScript = "\"${PODS_ROOT}/Target Support Files/Pods-MVVM-TableView/Pods-MVVM-TableView-frameworks.sh\"\n";
			showEnvVarsInLog = 0;
		};
/* End PBXShellScriptBuildPhase section */

/* Begin PBXSourcesBuildPhase section */
		D1449DA026A85B080083418D /* Sources */ = {
			isa = PBXSourcesBuildPhase;
			buildActionMask = 2147483647;
			files = (
				D19AA66126A8E7C6006FA368 /* ArticleTableViewCell.swift in Sources */,
				D1449DAC26A85B080083418D /* ViewController.swift in Sources */,
				D1449DE626A89E960083418D /* APIService.swift in Sources */,
				D1449DA826A85B080083418D /* AppDelegate.swift in Sources */,
				D19AA66526A8EB54006FA368 /* Extension.swift in Sources */,
				D1449DE826A8A22A0083418D /* ArticleService.swift in Sources */,
				D1449DE226A89D5C0083418D /* Dynamic.swift in Sources */,
				D19AA65A26A8CC1C006FA368 /* APIConstants.swift in Sources */,
				D1449DAA26A85B080083418D /* SceneDelegate.swift in Sources */,
				D19AA66826A8F033006FA368 /* ArticleListViewModel.swift in Sources */,
				D1449DDA26A89CC80083418D /* Article.swift in Sources */,
			);
			runOnlyForDeploymentPostprocessing = 0;
		};
		D1449DB626A85B0B0083418D /* Sources */ = {
			isa = PBXSourcesBuildPhase;
			buildActionMask = 2147483647;
			files = (
				D1449DBF26A85B0B0083418D /* MVVM_TableViewTests.swift in Sources */,
			);
			runOnlyForDeploymentPostprocessing = 0;
		};
		D1449DC126A85B0B0083418D /* Sources */ = {
			isa = PBXSourcesBuildPhase;
			buildActionMask = 2147483647;
			files = (
				D1449DCA26A85B0B0083418D /* MVVM_TableViewUITests.swift in Sources */,
			);
			runOnlyForDeploymentPostprocessing = 0;
		};
/* End PBXSourcesBuildPhase section */

/* Begin PBXTargetDependency section */
		D1449DBC26A85B0B0083418D /* PBXTargetDependency */ = {
			isa = PBXTargetDependency;
			target = D1449DA326A85B080083418D /* MVVM-TableView */;
			targetProxy = D1449DBB26A85B0B0083418D /* PBXContainerItemProxy */;
		};
		D1449DC726A85B0B0083418D /* PBXTargetDependency */ = {
			isa = PBXTargetDependency;
			target = D1449DA326A85B080083418D /* MVVM-TableView */;
			targetProxy = D1449DC626A85B0B0083418D /* PBXContainerItemProxy */;
		};
/* End PBXTargetDependency section */

/* Begin PBXVariantGroup section */
		D1449DAD26A85B080083418D /* Main.storyboard */ = {
			isa = PBXVariantGroup;
			children = (
				D1449DAE26A85B080083418D /* Base */,
			);
			name = Main.storyboard;
			sourceTree = "<group>";
		};
		D1449DB226A85B0B0083418D /* LaunchScreen.storyboard */ = {
			isa = PBXVariantGroup;
			children = (
				D1449DB326A85B0B0083418D /* Base */,
			);
			name = LaunchScreen.storyboard;
			sourceTree = "<group>";
		};
/* End PBXVariantGroup section */

/* Begin XCBuildConfiguration section */
		D1449DCC26A85B0B0083418D /* Debug */ = {
			isa = XCBuildConfiguration;
			buildSettings = {
				ALWAYS_SEARCH_USER_PATHS = NO;
				CLANG_ANALYZER_NONNULL = YES;
				CLANG_ANALYZER_NUMBER_OBJECT_CONVERSION = YES_AGGRESSIVE;
				CLANG_CXX_LANGUAGE_STANDARD = "gnu++14";
				CLANG_CXX_LIBRARY = "libc++";
				CLANG_ENABLE_MODULES = YES;
				CLANG_ENABLE_OBJC_ARC = YES;
				CLANG_ENABLE_OBJC_WEAK = YES;
				CLANG_WARN_BLOCK_CAPTURE_AUTORELEASING = YES;
				CLANG_WARN_BOOL_CONVERSION = YES;
				CLANG_WARN_COMMA = YES;
				CLANG_WARN_CONSTANT_CONVERSION = YES;
				CLANG_WARN_DEPRECATED_OBJC_IMPLEMENTATIONS = YES;
				CLANG_WARN_DIRECT_OBJC_ISA_USAGE = YES_ERROR;
				CLANG_WARN_DOCUMENTATION_COMMENTS = YES;
				CLANG_WARN_EMPTY_BODY = YES;
				CLANG_WARN_ENUM_CONVERSION = YES;
				CLANG_WARN_INFINITE_RECURSION = YES;
				CLANG_WARN_INT_CONVERSION = YES;
				CLANG_WARN_NON_LITERAL_NULL_CONVERSION = YES;
				CLANG_WARN_OBJC_IMPLICIT_RETAIN_SELF = YES;
				CLANG_WARN_OBJC_LITERAL_CONVERSION = YES;
				CLANG_WARN_OBJC_ROOT_CLASS = YES_ERROR;
				CLANG_WARN_QUOTED_INCLUDE_IN_FRAMEWORK_HEADER = YES;
				CLANG_WARN_RANGE_LOOP_ANALYSIS = YES;
				CLANG_WARN_STRICT_PROTOTYPES = YES;
				CLANG_WARN_SUSPICIOUS_MOVE = YES;
				CLANG_WARN_UNGUARDED_AVAILABILITY = YES_AGGRESSIVE;
				CLANG_WARN_UNREACHABLE_CODE = YES;
				CLANG_WARN__DUPLICATE_METHOD_MATCH = YES;
				COPY_PHASE_STRIP = NO;
				DEBUG_INFORMATION_FORMAT = dwarf;
				ENABLE_STRICT_OBJC_MSGSEND = YES;
				ENABLE_TESTABILITY = YES;
				GCC_C_LANGUAGE_STANDARD = gnu11;
				GCC_DYNAMIC_NO_PIC = NO;
				GCC_NO_COMMON_BLOCKS = YES;
				GCC_OPTIMIZATION_LEVEL = 0;
				GCC_PREPROCESSOR_DEFINITIONS = (
					"DEBUG=1",
					"$(inherited)",
				);
				GCC_WARN_64_TO_32_BIT_CONVERSION = YES;
				GCC_WARN_ABOUT_RETURN_TYPE = YES_ERROR;
				GCC_WARN_UNDECLARED_SELECTOR = YES;
				GCC_WARN_UNINITIALIZED_AUTOS = YES_AGGRESSIVE;
				GCC_WARN_UNUSED_FUNCTION = YES;
				GCC_WARN_UNUSED_VARIABLE = YES;
				IPHONEOS_DEPLOYMENT_TARGET = 14.5;
				MTL_ENABLE_DEBUG_INFO = INCLUDE_SOURCE;
				MTL_FAST_MATH = YES;
				ONLY_ACTIVE_ARCH = YES;
				SDKROOT = iphoneos;
				SWIFT_ACTIVE_COMPILATION_CONDITIONS = DEBUG;
				SWIFT_OPTIMIZATION_LEVEL = "-Onone";
			};
			name = Debug;
		};
		D1449DCD26A85B0B0083418D /* Release */ = {
			isa = XCBuildConfiguration;
			buildSettings = {
				ALWAYS_SEARCH_USER_PATHS = NO;
				CLANG_ANALYZER_NONNULL = YES;
				CLANG_ANALYZER_NUMBER_OBJECT_CONVERSION = YES_AGGRESSIVE;
				CLANG_CXX_LANGUAGE_STANDARD = "gnu++14";
				CLANG_CXX_LIBRARY = "libc++";
				CLANG_ENABLE_MODULES = YES;
				CLANG_ENABLE_OBJC_ARC = YES;
				CLANG_ENABLE_OBJC_WEAK = YES;
				CLANG_WARN_BLOCK_CAPTURE_AUTORELEASING = YES;
				CLANG_WARN_BOOL_CONVERSION = YES;
				CLANG_WARN_COMMA = YES;
				CLANG_WARN_CONSTANT_CONVERSION = YES;
				CLANG_WARN_DEPRECATED_OBJC_IMPLEMENTATIONS = YES;
				CLANG_WARN_DIRECT_OBJC_ISA_USAGE = YES_ERROR;
				CLANG_WARN_DOCUMENTATION_COMMENTS = YES;
				CLANG_WARN_EMPTY_BODY = YES;
				CLANG_WARN_ENUM_CONVERSION = YES;
				CLANG_WARN_INFINITE_RECURSION = YES;
				CLANG_WARN_INT_CONVERSION = YES;
				CLANG_WARN_NON_LITERAL_NULL_CONVERSION = YES;
				CLANG_WARN_OBJC_IMPLICIT_RETAIN_SELF = YES;
				CLANG_WARN_OBJC_LITERAL_CONVERSION = YES;
				CLANG_WARN_OBJC_ROOT_CLASS = YES_ERROR;
				CLANG_WARN_QUOTED_INCLUDE_IN_FRAMEWORK_HEADER = YES;
				CLANG_WARN_RANGE_LOOP_ANALYSIS = YES;
				CLANG_WARN_STRICT_PROTOTYPES = YES;
				CLANG_WARN_SUSPICIOUS_MOVE = YES;
				CLANG_WARN_UNGUARDED_AVAILABILITY = YES_AGGRESSIVE;
				CLANG_WARN_UNREACHABLE_CODE = YES;
				CLANG_WARN__DUPLICATE_METHOD_MATCH = YES;
				COPY_PHASE_STRIP = NO;
				DEBUG_INFORMATION_FORMAT = "dwarf-with-dsym";
				ENABLE_NS_ASSERTIONS = NO;
				ENABLE_STRICT_OBJC_MSGSEND = YES;
				GCC_C_LANGUAGE_STANDARD = gnu11;
				GCC_NO_COMMON_BLOCKS = YES;
				GCC_WARN_64_TO_32_BIT_CONVERSION = YES;
				GCC_WARN_ABOUT_RETURN_TYPE = YES_ERROR;
				GCC_WARN_UNDECLARED_SELECTOR = YES;
				GCC_WARN_UNINITIALIZED_AUTOS = YES_AGGRESSIVE;
				GCC_WARN_UNUSED_FUNCTION = YES;
				GCC_WARN_UNUSED_VARIABLE = YES;
				IPHONEOS_DEPLOYMENT_TARGET = 14.5;
				MTL_ENABLE_DEBUG_INFO = NO;
				MTL_FAST_MATH = YES;
				SDKROOT = iphoneos;
				SWIFT_COMPILATION_MODE = wholemodule;
				SWIFT_OPTIMIZATION_LEVEL = "-O";
				VALIDATE_PRODUCT = YES;
			};
			name = Release;
		};
		D1449DCF26A85B0B0083418D /* Debug */ = {
			isa = XCBuildConfiguration;
			baseConfigurationReference = CF6AAFEEBEDF6C2301E34582 /* Pods-MVVM-TableView.debug.xcconfig */;
			buildSettings = {
				ASSETCATALOG_COMPILER_APPICON_NAME = AppIcon;
				ASSETCATALOG_COMPILER_GLOBAL_ACCENT_COLOR_NAME = AccentColor;
				CODE_SIGN_STYLE = Automatic;
				DEVELOPMENT_TEAM = 2D94779J29;
				INFOPLIST_FILE = "MVVM-TableView/Info.plist";
				IPHONEOS_DEPLOYMENT_TARGET = 13.0;
				LD_RUNPATH_SEARCH_PATHS = (
					"$(inherited)",
					"@executable_path/Frameworks",
				);
				PRODUCT_BUNDLE_IDENTIFIER = "Minha-Gwon.MVVM-TableView";
				PRODUCT_NAME = "$(TARGET_NAME)";
				SWIFT_VERSION = 5.0;
				TARGETED_DEVICE_FAMILY = "1,2";
			};
			name = Debug;
		};
		D1449DD026A85B0B0083418D /* Release */ = {
			isa = XCBuildConfiguration;
			baseConfigurationReference = 7F4AE5B141F16FE1F3CF4D5F /* Pods-MVVM-TableView.release.xcconfig */;
			buildSettings = {
				ASSETCATALOG_COMPILER_APPICON_NAME = AppIcon;
				ASSETCATALOG_COMPILER_GLOBAL_ACCENT_COLOR_NAME = AccentColor;
				CODE_SIGN_STYLE = Automatic;
				DEVELOPMENT_TEAM = 2D94779J29;
				INFOPLIST_FILE = "MVVM-TableView/Info.plist";
				IPHONEOS_DEPLOYMENT_TARGET = 13.0;
				LD_RUNPATH_SEARCH_PATHS = (
					"$(inherited)",
					"@executable_path/Frameworks",
				);
				PRODUCT_BUNDLE_IDENTIFIER = "Minha-Gwon.MVVM-TableView";
				PRODUCT_NAME = "$(TARGET_NAME)";
				SWIFT_VERSION = 5.0;
				TARGETED_DEVICE_FAMILY = "1,2";
			};
			name = Release;
		};
		D1449DD226A85B0B0083418D /* Debug */ = {
			isa = XCBuildConfiguration;
			baseConfigurationReference = 1D51D8C04A08569D294D7D4E /* Pods-MVVM-TableViewTests.debug.xcconfig */;
			buildSettings = {
				ALWAYS_EMBED_SWIFT_STANDARD_LIBRARIES = YES;
				BUNDLE_LOADER = "$(TEST_HOST)";
				CODE_SIGN_STYLE = Automatic;
				DEVELOPMENT_TEAM = 2D94779J29;
				INFOPLIST_FILE = "MVVM-TableViewTests/Info.plist";
				IPHONEOS_DEPLOYMENT_TARGET = 14.5;
				LD_RUNPATH_SEARCH_PATHS = (
					"$(inherited)",
					"@executable_path/Frameworks",
					"@loader_path/Frameworks",
				);
				PRODUCT_BUNDLE_IDENTIFIER = "Minha-Gwon.MVVM-TableViewTests";
				PRODUCT_NAME = "$(TARGET_NAME)";
				SWIFT_VERSION = 5.0;
				TARGETED_DEVICE_FAMILY = "1,2";
				TEST_HOST = "$(BUILT_PRODUCTS_DIR)/MVVM-TableView.app/MVVM-TableView";
			};
			name = Debug;
		};
		D1449DD326A85B0B0083418D /* Release */ = {
			isa = XCBuildConfiguration;
			baseConfigurationReference = FE8844A20DB318845DF3DC7C /* Pods-MVVM-TableViewTests.release.xcconfig */;
			buildSettings = {
				ALWAYS_EMBED_SWIFT_STANDARD_LIBRARIES = YES;
				BUNDLE_LOADER = "$(TEST_HOST)";
				CODE_SIGN_STYLE = Automatic;
				DEVELOPMENT_TEAM = 2D94779J29;
				INFOPLIST_FILE = "MVVM-TableViewTests/Info.plist";
				IPHONEOS_DEPLOYMENT_TARGET = 14.5;
				LD_RUNPATH_SEARCH_PATHS = (
					"$(inherited)",
					"@executable_path/Frameworks",
					"@loader_path/Frameworks",
				);
				PRODUCT_BUNDLE_IDENTIFIER = "Minha-Gwon.MVVM-TableViewTests";
				PRODUCT_NAME = "$(TARGET_NAME)";
				SWIFT_VERSION = 5.0;
				TARGETED_DEVICE_FAMILY = "1,2";
				TEST_HOST = "$(BUILT_PRODUCTS_DIR)/MVVM-TableView.app/MVVM-TableView";
			};
			name = Release;
		};
		D1449DD526A85B0B0083418D /* Debug */ = {
			isa = XCBuildConfiguration;
			baseConfigurationReference = AAA370FC9EB0A8E7D22323F5 /* Pods-MVVM-TableView-MVVM-TableViewUITests.debug.xcconfig */;
			buildSettings = {
				ALWAYS_EMBED_SWIFT_STANDARD_LIBRARIES = YES;
				CODE_SIGN_STYLE = Automatic;
				DEVELOPMENT_TEAM = 2D94779J29;
				INFOPLIST_FILE = "MVVM-TableViewUITests/Info.plist";
				LD_RUNPATH_SEARCH_PATHS = (
					"$(inherited)",
					"@executable_path/Frameworks",
					"@loader_path/Frameworks",
				);
				PRODUCT_BUNDLE_IDENTIFIER = "Minha-Gwon.MVVM-TableViewUITests";
				PRODUCT_NAME = "$(TARGET_NAME)";
				SWIFT_VERSION = 5.0;
				TARGETED_DEVICE_FAMILY = "1,2";
				TEST_TARGET_NAME = "MVVM-TableView";
			};
			name = Debug;
		};
		D1449DD626A85B0B0083418D /* Release */ = {
			isa = XCBuildConfiguration;
			baseConfigurationReference = DAB2373932C3DB16EF700F5B /* Pods-MVVM-TableView-MVVM-TableViewUITests.release.xcconfig */;
			buildSettings = {
				ALWAYS_EMBED_SWIFT_STANDARD_LIBRARIES = YES;
				CODE_SIGN_STYLE = Automatic;
				DEVELOPMENT_TEAM = 2D94779J29;
				INFOPLIST_FILE = "MVVM-TableViewUITests/Info.plist";
				LD_RUNPATH_SEARCH_PATHS = (
					"$(inherited)",
					"@executable_path/Frameworks",
					"@loader_path/Frameworks",
				);
				PRODUCT_BUNDLE_IDENTIFIER = "Minha-Gwon.MVVM-TableViewUITests";
				PRODUCT_NAME = "$(TARGET_NAME)";
				SWIFT_VERSION = 5.0;
				TARGETED_DEVICE_FAMILY = "1,2";
				TEST_TARGET_NAME = "MVVM-TableView";
			};
			name = Release;
		};
/* End XCBuildConfiguration section */

/* Begin XCConfigurationList section */
		D1449D9F26A85B080083418D /* Build configuration list for PBXProject "MVVM-TableView" */ = {
			isa = XCConfigurationList;
			buildConfigurations = (
				D1449DCC26A85B0B0083418D /* Debug */,
				D1449DCD26A85B0B0083418D /* Release */,
			);
			defaultConfigurationIsVisible = 0;
			defaultConfigurationName = Release;
		};
		D1449DCE26A85B0B0083418D /* Build configuration list for PBXNativeTarget "MVVM-TableView" */ = {
			isa = XCConfigurationList;
			buildConfigurations = (
				D1449DCF26A85B0B0083418D /* Debug */,
				D1449DD026A85B0B0083418D /* Release */,
			);
			defaultConfigurationIsVisible = 0;
			defaultConfigurationName = Release;
		};
		D1449DD126A85B0B0083418D /* Build configuration list for PBXNativeTarget "MVVM-TableViewTests" */ = {
			isa = XCConfigurationList;
			buildConfigurations = (
				D1449DD226A85B0B0083418D /* Debug */,
				D1449DD326A85B0B0083418D /* Release */,
			);
			defaultConfigurationIsVisible = 0;
			defaultConfigurationName = Release;
		};
		D1449DD426A85B0B0083418D /* Build configuration list for PBXNativeTarget "MVVM-TableViewUITests" */ = {
			isa = XCConfigurationList;
			buildConfigurations = (
				D1449DD526A85B0B0083418D /* Debug */,
				D1449DD626A85B0B0083418D /* Release */,
			);
			defaultConfigurationIsVisible = 0;
			defaultConfigurationName = Release;
		};
/* End XCConfigurationList section */
	};
	rootObject = D1449D9C26A85B080083418D /* Project object */;
}
