// !$*UTF8*$!
{
	archiveVersion = 1;
	classes = {
	};
	objectVersion = 51;
	objects = {

/* Begin PBXBuildFile section */
		284483078FF57BC051EF6CB8 /* Pods_MVVM_Article_Project_MVVM_Article_ProjectUITests.framework in Frameworks */ = {isa = PBXBuildFile; fileRef = CA553264581C2F75785DF57B /* Pods_MVVM_Article_Project_MVVM_Article_ProjectUITests.framework */; };
		6AD547E86411AADC809C2AEF /* Pods_MVVM_Article_Project.framework in Frameworks */ = {isa = PBXBuildFile; fileRef = 1ABDEFCF9BBF4EEEC2FC9447 /* Pods_MVVM_Article_Project.framework */; };
		D1B51DA126C01DA400928FF3 /* AppDelegate.swift in Sources */ = {isa = PBXBuildFile; fileRef = D1B51DA026C01DA400928FF3 /* AppDelegate.swift */; };
		D1B51DA326C01DA400928FF3 /* SceneDelegate.swift in Sources */ = {isa = PBXBuildFile; fileRef = D1B51DA226C01DA400928FF3 /* SceneDelegate.swift */; };
		D1B51DA826C01DA400928FF3 /* Main.storyboard in Resources */ = {isa = PBXBuildFile; fileRef = D1B51DA626C01DA400928FF3 /* Main.storyboard */; };
		D1B51DAA26C01DA500928FF3 /* Assets.xcassets in Resources */ = {isa = PBXBuildFile; fileRef = D1B51DA926C01DA500928FF3 /* Assets.xcassets */; };
		D1B51DAD26C01DA500928FF3 /* LaunchScreen.storyboard in Resources */ = {isa = PBXBuildFile; fileRef = D1B51DAB26C01DA500928FF3 /* LaunchScreen.storyboard */; };
		D1B51DB826C01DA500928FF3 /* MVVM_Article_ProjectTests.swift in Sources */ = {isa = PBXBuildFile; fileRef = D1B51DB726C01DA500928FF3 /* MVVM_Article_ProjectTests.swift */; };
		D1B51DC326C01DA500928FF3 /* MVVM_Article_ProjectUITests.swift in Sources */ = {isa = PBXBuildFile; fileRef = D1B51DC226C01DA500928FF3 /* MVVM_Article_ProjectUITests.swift */; };
		D1B51DDE26C020E000928FF3 /* Protocol+CollectionViewCellDelegate.swift in Sources */ = {isa = PBXBuildFile; fileRef = D1B51DDD26C020E000928FF3 /* Protocol+CollectionViewCellDelegate.swift */; };
		D1B51DE026C020F000928FF3 /* Protocol+ResuableCell.swift in Sources */ = {isa = PBXBuildFile; fileRef = D1B51DDF26C020F000928FF3 /* Protocol+ResuableCell.swift */; };
		D1B51DE226C0210100928FF3 /* Extension+UITableView.swift in Sources */ = {isa = PBXBuildFile; fileRef = D1B51DE126C0210100928FF3 /* Extension+UITableView.swift */; };
		D1B51DE426C0211600928FF3 /* Extension+CollectionView.swift in Sources */ = {isa = PBXBuildFile; fileRef = D1B51DE326C0211600928FF3 /* Extension+CollectionView.swift */; };
		D1B51DEA26C0214F00928FF3 /* BaseViewController.swift in Sources */ = {isa = PBXBuildFile; fileRef = D1B51DE926C0214F00928FF3 /* BaseViewController.swift */; };
		D1B51DEC26C0216E00928FF3 /* GenericDataSource.swift in Sources */ = {isa = PBXBuildFile; fileRef = D1B51DEB26C0216E00928FF3 /* GenericDataSource.swift */; };
		D1B51DEE26C0217D00928FF3 /* Dynamic.swift in Sources */ = {isa = PBXBuildFile; fileRef = D1B51DED26C0217D00928FF3 /* Dynamic.swift */; };
		D1B51DF026C0219300928FF3 /* APIRouter.swift in Sources */ = {isa = PBXBuildFile; fileRef = D1B51DEF26C0219300928FF3 /* APIRouter.swift */; };
		D1B51DF226C0219B00928FF3 /* APIConstants.swift in Sources */ = {isa = PBXBuildFile; fileRef = D1B51DF126C0219B00928FF3 /* APIConstants.swift */; };
		D1B51DF426C021A300928FF3 /* Constants.swift in Sources */ = {isa = PBXBuildFile; fileRef = D1B51DF326C021A300928FF3 /* Constants.swift */; };
		D1B51DF626C0227200928FF3 /* ArticleListCollectionViewController.swift in Sources */ = {isa = PBXBuildFile; fileRef = D1B51DF526C0227200928FF3 /* ArticleListCollectionViewController.swift */; };
		D1B51DF826C0227A00928FF3 /* ArticleListTableViewController.swift in Sources */ = {isa = PBXBuildFile; fileRef = D1B51DF726C0227A00928FF3 /* ArticleListTableViewController.swift */; };
		D1B51DFA26C0228A00928FF3 /* ArticleListTableViewCell.swift in Sources */ = {isa = PBXBuildFile; fileRef = D1B51DF926C0228A00928FF3 /* ArticleListTableViewCell.swift */; };
		D1B51DFC26C0229700928FF3 /* ArticleListCollectionViewCell.swift in Sources */ = {isa = PBXBuildFile; fileRef = D1B51DFB26C0229700928FF3 /* ArticleListCollectionViewCell.swift */; };
		D1B51DFE26C022AB00928FF3 /* ArticleListModel.swift in Sources */ = {isa = PBXBuildFile; fileRef = D1B51DFD26C022AB00928FF3 /* ArticleListModel.swift */; };
		D1B51E0026C022B500928FF3 /* ArticleList.swift in Sources */ = {isa = PBXBuildFile; fileRef = D1B51DFF26C022B500928FF3 /* ArticleList.swift */; };
		D1B51E0226C0264B00928FF3 /* ArticleListViewModel.swift in Sources */ = {isa = PBXBuildFile; fileRef = D1B51E0126C0264B00928FF3 /* ArticleListViewModel.swift */; };
		D1B51E0426C02ACF00928FF3 /* APIClient.swift in Sources */ = {isa = PBXBuildFile; fileRef = D1B51E0326C02ACF00928FF3 /* APIClient.swift */; };
		D1B51E0626C02AE900928FF3 /* APIClientProtocol.swift in Sources */ = {isa = PBXBuildFile; fileRef = D1B51E0526C02AE900928FF3 /* APIClientProtocol.swift */; };
		D1B51E1126C0D89800928FF3 /* APIClient2.swift in Sources */ = {isa = PBXBuildFile; fileRef = D1B51E1026C0D89800928FF3 /* APIClient2.swift */; };
		D1B51E1326C0E0E000928FF3 /* ArticleListingViewModelTests.swift in Sources */ = {isa = PBXBuildFile; fileRef = D1B51E1226C0E0E000928FF3 /* ArticleListingViewModelTests.swift */; };
		D1B51E1826C0E41000928FF3 /* Mock.json in Resources */ = {isa = PBXBuildFile; fileRef = D1B51E1726C0E41000928FF3 /* Mock.json */; };
		D1B51E1E26C2DD4000928FF3 /* FileDataService.swift in Sources */ = {isa = PBXBuildFile; fileRef = D1B51E1D26C2DD4000928FF3 /* FileDataService.swift */; };
		E135C9C2174083AD2F0455DE /* Pods_MVVM_Article_ProjectTests.framework in Frameworks */ = {isa = PBXBuildFile; fileRef = 9256BC25FB7493E52D40ADE8 /* Pods_MVVM_Article_ProjectTests.framework */; };
/* End PBXBuildFile section */

/* Begin PBXContainerItemProxy section */
		D1B51DB426C01DA500928FF3 /* PBXContainerItemProxy */ = {
			isa = PBXContainerItemProxy;
			containerPortal = D1B51D9526C01DA400928FF3 /* Project object */;
			proxyType = 1;
			remoteGlobalIDString = D1B51D9C26C01DA400928FF3;
			remoteInfo = "MVVM-Article-Project";
		};
		D1B51DBF26C01DA500928FF3 /* PBXContainerItemProxy */ = {
			isa = PBXContainerItemProxy;
			containerPortal = D1B51D9526C01DA400928FF3 /* Project object */;
			proxyType = 1;
			remoteGlobalIDString = D1B51D9C26C01DA400928FF3;
			remoteInfo = "MVVM-Article-Project";
		};
/* End PBXContainerItemProxy section */

/* Begin PBXFileReference section */
		12ABAE016E99218AE23FFF1B /* Pods-MVVM-Article-ProjectTests.debug.xcconfig */ = {isa = PBXFileReference; includeInIndex = 1; lastKnownFileType = text.xcconfig; name = "Pods-MVVM-Article-ProjectTests.debug.xcconfig"; path = "Target Support Files/Pods-MVVM-Article-ProjectTests/Pods-MVVM-Article-ProjectTests.debug.xcconfig"; sourceTree = "<group>"; };
		17621C57739484AAE6D22D07 /* Pods-MVVM-Article-Project.debug.xcconfig */ = {isa = PBXFileReference; includeInIndex = 1; lastKnownFileType = text.xcconfig; name = "Pods-MVVM-Article-Project.debug.xcconfig"; path = "Target Support Files/Pods-MVVM-Article-Project/Pods-MVVM-Article-Project.debug.xcconfig"; sourceTree = "<group>"; };
		1ABDEFCF9BBF4EEEC2FC9447 /* Pods_MVVM_Article_Project.framework */ = {isa = PBXFileReference; explicitFileType = wrapper.framework; includeInIndex = 0; path = Pods_MVVM_Article_Project.framework; sourceTree = BUILT_PRODUCTS_DIR; };
		447FD525CCF9968E1BCD73FC /* Pods-MVVM-Article-Project-MVVM-Article-ProjectUITests.debug.xcconfig */ = {isa = PBXFileReference; includeInIndex = 1; lastKnownFileType = text.xcconfig; name = "Pods-MVVM-Article-Project-MVVM-Article-ProjectUITests.debug.xcconfig"; path = "Target Support Files/Pods-MVVM-Article-Project-MVVM-Article-ProjectUITests/Pods-MVVM-Article-Project-MVVM-Article-ProjectUITests.debug.xcconfig"; sourceTree = "<group>"; };
		68AAF0314CDECD3E4814EEB0 /* Pods-MVVM-Article-Project-MVVM-Article-ProjectUITests.release.xcconfig */ = {isa = PBXFileReference; includeInIndex = 1; lastKnownFileType = text.xcconfig; name = "Pods-MVVM-Article-Project-MVVM-Article-ProjectUITests.release.xcconfig"; path = "Target Support Files/Pods-MVVM-Article-Project-MVVM-Article-ProjectUITests/Pods-MVVM-Article-Project-MVVM-Article-ProjectUITests.release.xcconfig"; sourceTree = "<group>"; };
		9256BC25FB7493E52D40ADE8 /* Pods_MVVM_Article_ProjectTests.framework */ = {isa = PBXFileReference; explicitFileType = wrapper.framework; includeInIndex = 0; path = Pods_MVVM_Article_ProjectTests.framework; sourceTree = BUILT_PRODUCTS_DIR; };
		C3CB204D4E06A4F24C180B23 /* Pods-MVVM-Article-ProjectTests.release.xcconfig */ = {isa = PBXFileReference; includeInIndex = 1; lastKnownFileType = text.xcconfig; name = "Pods-MVVM-Article-ProjectTests.release.xcconfig"; path = "Target Support Files/Pods-MVVM-Article-ProjectTests/Pods-MVVM-Article-ProjectTests.release.xcconfig"; sourceTree = "<group>"; };
		CA553264581C2F75785DF57B /* Pods_MVVM_Article_Project_MVVM_Article_ProjectUITests.framework */ = {isa = PBXFileReference; explicitFileType = wrapper.framework; includeInIndex = 0; path = Pods_MVVM_Article_Project_MVVM_Article_ProjectUITests.framework; sourceTree = BUILT_PRODUCTS_DIR; };
		D1B51D9D26C01DA400928FF3 /* MVVM-Article-Project.app */ = {isa = PBXFileReference; explicitFileType = wrapper.application; includeInIndex = 0; path = "MVVM-Article-Project.app"; sourceTree = BUILT_PRODUCTS_DIR; };
		D1B51DA026C01DA400928FF3 /* AppDelegate.swift */ = {isa = PBXFileReference; lastKnownFileType = sourcecode.swift; path = AppDelegate.swift; sourceTree = "<group>"; };
		D1B51DA226C01DA400928FF3 /* SceneDelegate.swift */ = {isa = PBXFileReference; lastKnownFileType = sourcecode.swift; path = SceneDelegate.swift; sourceTree = "<group>"; };
		D1B51DA726C01DA400928FF3 /* Base */ = {isa = PBXFileReference; lastKnownFileType = file.storyboard; name = Base; path = Base.lproj/Main.storyboard; sourceTree = "<group>"; };
		D1B51DA926C01DA500928FF3 /* Assets.xcassets */ = {isa = PBXFileReference; lastKnownFileType = folder.assetcatalog; path = Assets.xcassets; sourceTree = "<group>"; };
		D1B51DAC26C01DA500928FF3 /* Base */ = {isa = PBXFileReference; lastKnownFileType = file.storyboard; name = Base; path = Base.lproj/LaunchScreen.storyboard; sourceTree = "<group>"; };
		D1B51DAE26C01DA500928FF3 /* Info.plist */ = {isa = PBXFileReference; lastKnownFileType = text.plist.xml; path = Info.plist; sourceTree = "<group>"; };
		D1B51DB326C01DA500928FF3 /* MVVM-Article-ProjectTests.xctest */ = {isa = PBXFileReference; explicitFileType = wrapper.cfbundle; includeInIndex = 0; path = "MVVM-Article-ProjectTests.xctest"; sourceTree = BUILT_PRODUCTS_DIR; };
		D1B51DB726C01DA500928FF3 /* MVVM_Article_ProjectTests.swift */ = {isa = PBXFileReference; lastKnownFileType = sourcecode.swift; path = MVVM_Article_ProjectTests.swift; sourceTree = "<group>"; };
		D1B51DB926C01DA500928FF3 /* Info.plist */ = {isa = PBXFileReference; lastKnownFileType = text.plist.xml; path = Info.plist; sourceTree = "<group>"; };
		D1B51DBE26C01DA500928FF3 /* MVVM-Article-ProjectUITests.xctest */ = {isa = PBXFileReference; explicitFileType = wrapper.cfbundle; includeInIndex = 0; path = "MVVM-Article-ProjectUITests.xctest"; sourceTree = BUILT_PRODUCTS_DIR; };
		D1B51DC226C01DA500928FF3 /* MVVM_Article_ProjectUITests.swift */ = {isa = PBXFileReference; lastKnownFileType = sourcecode.swift; path = MVVM_Article_ProjectUITests.swift; sourceTree = "<group>"; };
		D1B51DC426C01DA500928FF3 /* Info.plist */ = {isa = PBXFileReference; lastKnownFileType = text.plist.xml; path = Info.plist; sourceTree = "<group>"; };
		D1B51DDD26C020E000928FF3 /* Protocol+CollectionViewCellDelegate.swift */ = {isa = PBXFileReference; lastKnownFileType = sourcecode.swift; path = "Protocol+CollectionViewCellDelegate.swift"; sourceTree = "<group>"; };
		D1B51DDF26C020F000928FF3 /* Protocol+ResuableCell.swift */ = {isa = PBXFileReference; lastKnownFileType = sourcecode.swift; path = "Protocol+ResuableCell.swift"; sourceTree = "<group>"; };
		D1B51DE126C0210100928FF3 /* Extension+UITableView.swift */ = {isa = PBXFileReference; lastKnownFileType = sourcecode.swift; path = "Extension+UITableView.swift"; sourceTree = "<group>"; };
		D1B51DE326C0211600928FF3 /* Extension+CollectionView.swift */ = {isa = PBXFileReference; lastKnownFileType = sourcecode.swift; path = "Extension+CollectionView.swift"; sourceTree = "<group>"; };
		D1B51DE926C0214F00928FF3 /* BaseViewController.swift */ = {isa = PBXFileReference; lastKnownFileType = sourcecode.swift; path = BaseViewController.swift; sourceTree = "<group>"; };
		D1B51DEB26C0216E00928FF3 /* GenericDataSource.swift */ = {isa = PBXFileReference; lastKnownFileType = sourcecode.swift; path = GenericDataSource.swift; sourceTree = "<group>"; };
		D1B51DED26C0217D00928FF3 /* Dynamic.swift */ = {isa = PBXFileReference; lastKnownFileType = sourcecode.swift; path = Dynamic.swift; sourceTree = "<group>"; };
		D1B51DEF26C0219300928FF3 /* APIRouter.swift */ = {isa = PBXFileReference; lastKnownFileType = sourcecode.swift; path = APIRouter.swift; sourceTree = "<group>"; };
		D1B51DF126C0219B00928FF3 /* APIConstants.swift */ = {isa = PBXFileReference; lastKnownFileType = sourcecode.swift; path = APIConstants.swift; sourceTree = "<group>"; };
		D1B51DF326C021A300928FF3 /* Constants.swift */ = {isa = PBXFileReference; lastKnownFileType = sourcecode.swift; path = Constants.swift; sourceTree = "<group>"; };
		D1B51DF526C0227200928FF3 /* ArticleListCollectionViewController.swift */ = {isa = PBXFileReference; lastKnownFileType = sourcecode.swift; path = ArticleListCollectionViewController.swift; sourceTree = "<group>"; };
		D1B51DF726C0227A00928FF3 /* ArticleListTableViewController.swift */ = {isa = PBXFileReference; lastKnownFileType = sourcecode.swift; path = ArticleListTableViewController.swift; sourceTree = "<group>"; };
		D1B51DF926C0228A00928FF3 /* ArticleListTableViewCell.swift */ = {isa = PBXFileReference; lastKnownFileType = sourcecode.swift; path = ArticleListTableViewCell.swift; sourceTree = "<group>"; };
		D1B51DFB26C0229700928FF3 /* ArticleListCollectionViewCell.swift */ = {isa = PBXFileReference; lastKnownFileType = sourcecode.swift; path = ArticleListCollectionViewCell.swift; sourceTree = "<group>"; };
		D1B51DFD26C022AB00928FF3 /* ArticleListModel.swift */ = {isa = PBXFileReference; lastKnownFileType = sourcecode.swift; path = ArticleListModel.swift; sourceTree = "<group>"; };
		D1B51DFF26C022B500928FF3 /* ArticleList.swift */ = {isa = PBXFileReference; lastKnownFileType = sourcecode.swift; path = ArticleList.swift; sourceTree = "<group>"; };
		D1B51E0126C0264B00928FF3 /* ArticleListViewModel.swift */ = {isa = PBXFileReference; lastKnownFileType = sourcecode.swift; path = ArticleListViewModel.swift; sourceTree = "<group>"; };
		D1B51E0326C02ACF00928FF3 /* APIClient.swift */ = {isa = PBXFileReference; lastKnownFileType = sourcecode.swift; path = APIClient.swift; sourceTree = "<group>"; };
		D1B51E0526C02AE900928FF3 /* APIClientProtocol.swift */ = {isa = PBXFileReference; lastKnownFileType = sourcecode.swift; path = APIClientProtocol.swift; sourceTree = "<group>"; };
		D1B51E1026C0D89800928FF3 /* APIClient2.swift */ = {isa = PBXFileReference; lastKnownFileType = sourcecode.swift; path = APIClient2.swift; sourceTree = "<group>"; };
		D1B51E1226C0E0E000928FF3 /* ArticleListingViewModelTests.swift */ = {isa = PBXFileReference; lastKnownFileType = sourcecode.swift; path = ArticleListingViewModelTests.swift; sourceTree = "<group>"; };
		D1B51E1726C0E41000928FF3 /* Mock.json */ = {isa = PBXFileReference; lastKnownFileType = text.json; path = Mock.json; sourceTree = "<group>"; };
		D1B51E1D26C2DD4000928FF3 /* FileDataService.swift */ = {isa = PBXFileReference; lastKnownFileType = sourcecode.swift; path = FileDataService.swift; sourceTree = "<group>"; };
		D2D5007F0B25893A664ED249 /* Pods-MVVM-Article-Project.release.xcconfig */ = {isa = PBXFileReference; includeInIndex = 1; lastKnownFileType = text.xcconfig; name = "Pods-MVVM-Article-Project.release.xcconfig"; path = "Target Support Files/Pods-MVVM-Article-Project/Pods-MVVM-Article-Project.release.xcconfig"; sourceTree = "<group>"; };
/* End PBXFileReference section */

/* Begin PBXFrameworksBuildPhase section */
		D1B51D9A26C01DA400928FF3 /* Frameworks */ = {
			isa = PBXFrameworksBuildPhase;
			buildActionMask = 2147483647;
			files = (
				6AD547E86411AADC809C2AEF /* Pods_MVVM_Article_Project.framework in Frameworks */,
			);
			runOnlyForDeploymentPostprocessing = 0;
		};
		D1B51DB026C01DA500928FF3 /* Frameworks */ = {
			isa = PBXFrameworksBuildPhase;
			buildActionMask = 2147483647;
			files = (
				E135C9C2174083AD2F0455DE /* Pods_MVVM_Article_ProjectTests.framework in Frameworks */,
			);
			runOnlyForDeploymentPostprocessing = 0;
		};
		D1B51DBB26C01DA500928FF3 /* Frameworks */ = {
			isa = PBXFrameworksBuildPhase;
			buildActionMask = 2147483647;
			files = (
				284483078FF57BC051EF6CB8 /* Pods_MVVM_Article_Project_MVVM_Article_ProjectUITests.framework in Frameworks */,
			);
			runOnlyForDeploymentPostprocessing = 0;
		};
/* End PBXFrameworksBuildPhase section */

/* Begin PBXGroup section */
		1AFC0D9FF22FC0A651A07D14 /* Pods */ = {
			isa = PBXGroup;
			children = (
				17621C57739484AAE6D22D07 /* Pods-MVVM-Article-Project.debug.xcconfig */,
				D2D5007F0B25893A664ED249 /* Pods-MVVM-Article-Project.release.xcconfig */,
				447FD525CCF9968E1BCD73FC /* Pods-MVVM-Article-Project-MVVM-Article-ProjectUITests.debug.xcconfig */,
				68AAF0314CDECD3E4814EEB0 /* Pods-MVVM-Article-Project-MVVM-Article-ProjectUITests.release.xcconfig */,
				12ABAE016E99218AE23FFF1B /* Pods-MVVM-Article-ProjectTests.debug.xcconfig */,
				C3CB204D4E06A4F24C180B23 /* Pods-MVVM-Article-ProjectTests.release.xcconfig */,
			);
			path = Pods;
			sourceTree = "<group>";
		};
		C6A68A586AD06A8B6AD87212 /* Frameworks */ = {
			isa = PBXGroup;
			children = (
				1ABDEFCF9BBF4EEEC2FC9447 /* Pods_MVVM_Article_Project.framework */,
				CA553264581C2F75785DF57B /* Pods_MVVM_Article_Project_MVVM_Article_ProjectUITests.framework */,
				9256BC25FB7493E52D40ADE8 /* Pods_MVVM_Article_ProjectTests.framework */,
			);
			name = Frameworks;
			sourceTree = "<group>";
		};
		D1B51D9426C01DA400928FF3 = {
			isa = PBXGroup;
			children = (
				D1B51D9F26C01DA400928FF3 /* MVVM-Article-Project */,
				D1B51DB626C01DA500928FF3 /* MVVM-Article-ProjectTests */,
				D1B51DC126C01DA500928FF3 /* MVVM-Article-ProjectUITests */,
				D1B51D9E26C01DA400928FF3 /* Products */,
				1AFC0D9FF22FC0A651A07D14 /* Pods */,
				C6A68A586AD06A8B6AD87212 /* Frameworks */,
			);
			sourceTree = "<group>";
		};
		D1B51D9E26C01DA400928FF3 /* Products */ = {
			isa = PBXGroup;
			children = (
				D1B51D9D26C01DA400928FF3 /* MVVM-Article-Project.app */,
				D1B51DB326C01DA500928FF3 /* MVVM-Article-ProjectTests.xctest */,
				D1B51DBE26C01DA500928FF3 /* MVVM-Article-ProjectUITests.xctest */,
			);
			name = Products;
			sourceTree = "<group>";
		};
		D1B51D9F26C01DA400928FF3 /* MVVM-Article-Project */ = {
			isa = PBXGroup;
			children = (
				D1B51E0726C02FE700928FF3 /* Contract */,
				D1B51DDC26C020D400928FF3 /* Model */,
				D1B51DDB26C020CF00928FF3 /* ViewModel */,
				D1B51DDA26C020CB00928FF3 /* View */,
				D1B51DD926C020C600928FF3 /* Network */,
				D1B51DD826C020C100928FF3 /* Base */,
				D1B51DD526C020A000928FF3 /* Utility */,
				D1B51E1626C0E3BC00928FF3 /* Resource */,
				D1B51DD426C01E6E00928FF3 /* Configuare */,
			);
			path = "MVVM-Article-Project";
			sourceTree = "<group>";
		};
		D1B51DB626C01DA500928FF3 /* MVVM-Article-ProjectTests */ = {
			isa = PBXGroup;
			children = (
				D1B51E1226C0E0E000928FF3 /* ArticleListingViewModelTests.swift */,
				D1B51DB726C01DA500928FF3 /* MVVM_Article_ProjectTests.swift */,
				D1B51DB926C01DA500928FF3 /* Info.plist */,
			);
			path = "MVVM-Article-ProjectTests";
			sourceTree = "<group>";
		};
		D1B51DC126C01DA500928FF3 /* MVVM-Article-ProjectUITests */ = {
			isa = PBXGroup;
			children = (
				D1B51DC226C01DA500928FF3 /* MVVM_Article_ProjectUITests.swift */,
				D1B51DC426C01DA500928FF3 /* Info.plist */,
			);
			path = "MVVM-Article-ProjectUITests";
			sourceTree = "<group>";
		};
		D1B51DD426C01E6E00928FF3 /* Configuare */ = {
			isa = PBXGroup;
			children = (
				D1B51DAE26C01DA500928FF3 /* Info.plist */,
				D1B51DA026C01DA400928FF3 /* AppDelegate.swift */,
				D1B51DA226C01DA400928FF3 /* SceneDelegate.swift */,
				D1B51DA926C01DA500928FF3 /* Assets.xcassets */,
				D1B51DAB26C01DA500928FF3 /* LaunchScreen.storyboard */,
			);
			path = Configuare;
			sourceTree = "<group>";
		};
		D1B51DD526C020A000928FF3 /* Utility */ = {
			isa = PBXGroup;
			children = (
				D1B51DD726C020AD00928FF3 /* Extension */,
				D1B51DD626C020A900928FF3 /* Protocol */,
			);
			path = Utility;
			sourceTree = "<group>";
		};
		D1B51DD626C020A900928FF3 /* Protocol */ = {
			isa = PBXGroup;
			children = (
				D1B51DDD26C020E000928FF3 /* Protocol+CollectionViewCellDelegate.swift */,
				D1B51DDF26C020F000928FF3 /* Protocol+ResuableCell.swift */,
			);
			path = Protocol;
			sourceTree = "<group>";
		};
		D1B51DD726C020AD00928FF3 /* Extension */ = {
			isa = PBXGroup;
			children = (
				D1B51DE126C0210100928FF3 /* Extension+UITableView.swift */,
				D1B51DE326C0211600928FF3 /* Extension+CollectionView.swift */,
			);
			path = Extension;
			sourceTree = "<group>";
		};
		D1B51DD826C020C100928FF3 /* Base */ = {
			isa = PBXGroup;
			children = (
				D1B51DE926C0214F00928FF3 /* BaseViewController.swift */,
				D1B51DEB26C0216E00928FF3 /* GenericDataSource.swift */,
				D1B51DED26C0217D00928FF3 /* Dynamic.swift */,
			);
			path = Base;
			sourceTree = "<group>";
		};
		D1B51DD926C020C600928FF3 /* Network */ = {
			isa = PBXGroup;
			children = (
				D1B51E0326C02ACF00928FF3 /* APIClient.swift */,
				D1B51E1026C0D89800928FF3 /* APIClient2.swift */,
				D1B51E0526C02AE900928FF3 /* APIClientProtocol.swift */,
				D1B51E0A26C0330C00928FF3 /* Routers */,
				D1B51E1D26C2DD4000928FF3 /* FileDataService.swift */,
			);
			path = Network;
			sourceTree = "<group>";
		};
		D1B51DDA26C020CB00928FF3 /* View */ = {
			isa = PBXGroup;
			children = (
				D1B51DE626C0212C00928FF3 /* Controller */,
				D1B51DE526C0212700928FF3 /* Storyboard */,
			);
			path = View;
			sourceTree = "<group>";
		};
		D1B51DDB26C020CF00928FF3 /* ViewModel */ = {
			isa = PBXGroup;
			children = (
				D1B51E0126C0264B00928FF3 /* ArticleListViewModel.swift */,
			);
			path = ViewModel;
			sourceTree = "<group>";
		};
		D1B51DDC26C020D400928FF3 /* Model */ = {
			isa = PBXGroup;
			children = (
				D1B51DFD26C022AB00928FF3 /* ArticleListModel.swift */,
				D1B51DFF26C022B500928FF3 /* ArticleList.swift */,
			);
			path = Model;
			sourceTree = "<group>";
		};
		D1B51DE526C0212700928FF3 /* Storyboard */ = {
			isa = PBXGroup;
			children = (
				D1B51DA626C01DA400928FF3 /* Main.storyboard */,
			);
			path = Storyboard;
			sourceTree = "<group>";
		};
		D1B51DE626C0212C00928FF3 /* Controller */ = {
			isa = PBXGroup;
			children = (
				D1B51DE826C0213A00928FF3 /* CollectionView */,
				D1B51DE726C0213400928FF3 /* TableView */,
			);
			path = Controller;
			sourceTree = "<group>";
		};
		D1B51DE726C0213400928FF3 /* TableView */ = {
			isa = PBXGroup;
			children = (
				D1B51DF726C0227A00928FF3 /* ArticleListTableViewController.swift */,
				D1B51DF926C0228A00928FF3 /* ArticleListTableViewCell.swift */,
			);
			path = TableView;
			sourceTree = "<group>";
		};
		D1B51DE826C0213A00928FF3 /* CollectionView */ = {
			isa = PBXGroup;
			children = (
				D1B51DF526C0227200928FF3 /* ArticleListCollectionViewController.swift */,
				D1B51DFB26C0229700928FF3 /* ArticleListCollectionViewCell.swift */,
			);
			path = CollectionView;
			sourceTree = "<group>";
		};
		D1B51E0726C02FE700928FF3 /* Contract */ = {
			isa = PBXGroup;
			children = (
			);
			path = Contract;
			sourceTree = "<group>";
		};
		D1B51E0A26C0330C00928FF3 /* Routers */ = {
			isa = PBXGroup;
			children = (
				D1B51DF126C0219B00928FF3 /* APIConstants.swift */,
				D1B51DF326C021A300928FF3 /* Constants.swift */,
				D1B51DEF26C0219300928FF3 /* APIRouter.swift */,
			);
			path = Routers;
			sourceTree = "<group>";
		};
		D1B51E1626C0E3BC00928FF3 /* Resource */ = {
			isa = PBXGroup;
			children = (
				D1B51E1726C0E41000928FF3 /* Mock.json */,
			);
			path = Resource;
			sourceTree = "<group>";
		};
/* End PBXGroup section */

/* Begin PBXNativeTarget section */
		D1B51D9C26C01DA400928FF3 /* MVVM-Article-Project */ = {
			isa = PBXNativeTarget;
			buildConfigurationList = D1B51DC726C01DA500928FF3 /* Build configuration list for PBXNativeTarget "MVVM-Article-Project" */;
			buildPhases = (
				20FA5D7662265EB411033115 /* [CP] Check Pods Manifest.lock */,
				D1B51D9926C01DA400928FF3 /* Sources */,
				D1B51D9A26C01DA400928FF3 /* Frameworks */,
				D1B51D9B26C01DA400928FF3 /* Resources */,
				E1A9D14EF19F3637611D2E6B /* [CP] Embed Pods Frameworks */,
			);
			buildRules = (
			);
			dependencies = (
			);
			name = "MVVM-Article-Project";
			productName = "MVVM-Article-Project";
			productReference = D1B51D9D26C01DA400928FF3 /* MVVM-Article-Project.app */;
			productType = "com.apple.product-type.application";
		};
		D1B51DB226C01DA500928FF3 /* MVVM-Article-ProjectTests */ = {
			isa = PBXNativeTarget;
			buildConfigurationList = D1B51DCA26C01DA500928FF3 /* Build configuration list for PBXNativeTarget "MVVM-Article-ProjectTests" */;
			buildPhases = (
				573E5F5A23D02EAA9F64C6E0 /* [CP] Check Pods Manifest.lock */,
				D1B51DAF26C01DA500928FF3 /* Sources */,
				D1B51DB026C01DA500928FF3 /* Frameworks */,
				D1B51DB126C01DA500928FF3 /* Resources */,
			);
			buildRules = (
			);
			dependencies = (
				D1B51DB526C01DA500928FF3 /* PBXTargetDependency */,
			);
			name = "MVVM-Article-ProjectTests";
			productName = "MVVM-Article-ProjectTests";
			productReference = D1B51DB326C01DA500928FF3 /* MVVM-Article-ProjectTests.xctest */;
			productType = "com.apple.product-type.bundle.unit-test";
		};
		D1B51DBD26C01DA500928FF3 /* MVVM-Article-ProjectUITests */ = {
			isa = PBXNativeTarget;
			buildConfigurationList = D1B51DCD26C01DA500928FF3 /* Build configuration list for PBXNativeTarget "MVVM-Article-ProjectUITests" */;
			buildPhases = (
				CC1F0BC6F22622726C40863A /* [CP] Check Pods Manifest.lock */,
				D1B51DBA26C01DA500928FF3 /* Sources */,
				D1B51DBB26C01DA500928FF3 /* Frameworks */,
				D1B51DBC26C01DA500928FF3 /* Resources */,
				53CE354CD926F5E9DC45B12C /* [CP] Embed Pods Frameworks */,
			);
			buildRules = (
			);
			dependencies = (
				D1B51DC026C01DA500928FF3 /* PBXTargetDependency */,
			);
			name = "MVVM-Article-ProjectUITests";
			productName = "MVVM-Article-ProjectUITests";
			productReference = D1B51DBE26C01DA500928FF3 /* MVVM-Article-ProjectUITests.xctest */;
			productType = "com.apple.product-type.bundle.ui-testing";
		};
/* End PBXNativeTarget section */

/* Begin PBXProject section */
		D1B51D9526C01DA400928FF3 /* Project object */ = {
			isa = PBXProject;
			attributes = {
				LastSwiftUpdateCheck = 1250;
				LastUpgradeCheck = 1250;
				TargetAttributes = {
					D1B51D9C26C01DA400928FF3 = {
						CreatedOnToolsVersion = 12.5.1;
					};
					D1B51DB226C01DA500928FF3 = {
						CreatedOnToolsVersion = 12.5.1;
						TestTargetID = D1B51D9C26C01DA400928FF3;
					};
					D1B51DBD26C01DA500928FF3 = {
						CreatedOnToolsVersion = 12.5.1;
						TestTargetID = D1B51D9C26C01DA400928FF3;
					};
				};
			};
			buildConfigurationList = D1B51D9826C01DA400928FF3 /* Build configuration list for PBXProject "MVVM-Article-Project" */;
			compatibilityVersion = "Xcode 9.3";
			developmentRegion = en;
			hasScannedForEncodings = 0;
			knownRegions = (
				en,
				Base,
			);
			mainGroup = D1B51D9426C01DA400928FF3;
			productRefGroup = D1B51D9E26C01DA400928FF3 /* Products */;
			projectDirPath = "";
			projectRoot = "";
			targets = (
				D1B51D9C26C01DA400928FF3 /* MVVM-Article-Project */,
				D1B51DB226C01DA500928FF3 /* MVVM-Article-ProjectTests */,
				D1B51DBD26C01DA500928FF3 /* MVVM-Article-ProjectUITests */,
			);
		};
/* End PBXProject section */

/* Begin PBXResourcesBuildPhase section */
		D1B51D9B26C01DA400928FF3 /* Resources */ = {
			isa = PBXResourcesBuildPhase;
			buildActionMask = 2147483647;
			files = (
				D1B51DAD26C01DA500928FF3 /* LaunchScreen.storyboard in Resources */,
				D1B51DAA26C01DA500928FF3 /* Assets.xcassets in Resources */,
				D1B51DA826C01DA400928FF3 /* Main.storyboard in Resources */,
				D1B51E1826C0E41000928FF3 /* Mock.json in Resources */,
			);
			runOnlyForDeploymentPostprocessing = 0;
		};
		D1B51DB126C01DA500928FF3 /* Resources */ = {
			isa = PBXResourcesBuildPhase;
			buildActionMask = 2147483647;
			files = (
			);
			runOnlyForDeploymentPostprocessing = 0;
		};
		D1B51DBC26C01DA500928FF3 /* Resources */ = {
			isa = PBXResourcesBuildPhase;
			buildActionMask = 2147483647;
			files = (
			);
			runOnlyForDeploymentPostprocessing = 0;
		};
/* End PBXResourcesBuildPhase section */

/* Begin PBXShellScriptBuildPhase section */
		20FA5D7662265EB411033115 /* [CP] Check Pods Manifest.lock */ = {
			isa = PBXShellScriptBuildPhase;
			buildActionMask = 2147483647;
			files = (
			);
			inputFileListPaths = (
			);
			inputPaths = (
				"${PODS_PODFILE_DIR_PATH}/Podfile.lock",
				"${PODS_ROOT}/Manifest.lock",
			);
			name = "[CP] Check Pods Manifest.lock";
			outputFileListPaths = (
			);
			outputPaths = (
				"$(DERIVED_FILE_DIR)/Pods-MVVM-Article-Project-checkManifestLockResult.txt",
			);
			runOnlyForDeploymentPostprocessing = 0;
			shellPath = /bin/sh;
			shellScript = "diff \"${PODS_PODFILE_DIR_PATH}/Podfile.lock\" \"${PODS_ROOT}/Manifest.lock\" > /dev/null\nif [ $? != 0 ] ; then\n    # print error to STDERR\n    echo \"error: The sandbox is not in sync with the Podfile.lock. Run 'pod install' or update your CocoaPods installation.\" >&2\n    exit 1\nfi\n# This output is used by Xcode 'outputs' to avoid re-running this script phase.\necho \"SUCCESS\" > \"${SCRIPT_OUTPUT_FILE_0}\"\n";
			showEnvVarsInLog = 0;
		};
		53CE354CD926F5E9DC45B12C /* [CP] Embed Pods Frameworks */ = {
			isa = PBXShellScriptBuildPhase;
			buildActionMask = 2147483647;
			files = (
			);
			inputFileListPaths = (
				"${PODS_ROOT}/Target Support Files/Pods-MVVM-Article-Project-MVVM-Article-ProjectUITests/Pods-MVVM-Article-Project-MVVM-Article-ProjectUITests-frameworks-${CONFIGURATION}-input-files.xcfilelist",
			);
			name = "[CP] Embed Pods Frameworks";
			outputFileListPaths = (
				"${PODS_ROOT}/Target Support Files/Pods-MVVM-Article-Project-MVVM-Article-ProjectUITests/Pods-MVVM-Article-Project-MVVM-Article-ProjectUITests-frameworks-${CONFIGURATION}-output-files.xcfilelist",
			);
			runOnlyForDeploymentPostprocessing = 0;
			shellPath = /bin/sh;
			shellScript = "\"${PODS_ROOT}/Target Support Files/Pods-MVVM-Article-Project-MVVM-Article-ProjectUITests/Pods-MVVM-Article-Project-MVVM-Article-ProjectUITests-frameworks.sh\"\n";
			showEnvVarsInLog = 0;
		};
		573E5F5A23D02EAA9F64C6E0 /* [CP] Check Pods Manifest.lock */ = {
			isa = PBXShellScriptBuildPhase;
			buildActionMask = 2147483647;
			files = (
			);
			inputFileListPaths = (
			);
			inputPaths = (
				"${PODS_PODFILE_DIR_PATH}/Podfile.lock",
				"${PODS_ROOT}/Manifest.lock",
			);
			name = "[CP] Check Pods Manifest.lock";
			outputFileListPaths = (
			);
			outputPaths = (
				"$(DERIVED_FILE_DIR)/Pods-MVVM-Article-ProjectTests-checkManifestLockResult.txt",
			);
			runOnlyForDeploymentPostprocessing = 0;
			shellPath = /bin/sh;
			shellScript = "diff \"${PODS_PODFILE_DIR_PATH}/Podfile.lock\" \"${PODS_ROOT}/Manifest.lock\" > /dev/null\nif [ $? != 0 ] ; then\n    # print error to STDERR\n    echo \"error: The sandbox is not in sync with the Podfile.lock. Run 'pod install' or update your CocoaPods installation.\" >&2\n    exit 1\nfi\n# This output is used by Xcode 'outputs' to avoid re-running this script phase.\necho \"SUCCESS\" > \"${SCRIPT_OUTPUT_FILE_0}\"\n";
			showEnvVarsInLog = 0;
		};
		CC1F0BC6F22622726C40863A /* [CP] Check Pods Manifest.lock */ = {
			isa = PBXShellScriptBuildPhase;
			buildActionMask = 2147483647;
			files = (
			);
			inputFileListPaths = (
			);
			inputPaths = (
				"${PODS_PODFILE_DIR_PATH}/Podfile.lock",
				"${PODS_ROOT}/Manifest.lock",
			);
			name = "[CP] Check Pods Manifest.lock";
			outputFileListPaths = (
			);
			outputPaths = (
				"$(DERIVED_FILE_DIR)/Pods-MVVM-Article-Project-MVVM-Article-ProjectUITests-checkManifestLockResult.txt",
			);
			runOnlyForDeploymentPostprocessing = 0;
			shellPath = /bin/sh;
			shellScript = "diff \"${PODS_PODFILE_DIR_PATH}/Podfile.lock\" \"${PODS_ROOT}/Manifest.lock\" > /dev/null\nif [ $? != 0 ] ; then\n    # print error to STDERR\n    echo \"error: The sandbox is not in sync with the Podfile.lock. Run 'pod install' or update your CocoaPods installation.\" >&2\n    exit 1\nfi\n# This output is used by Xcode 'outputs' to avoid re-running this script phase.\necho \"SUCCESS\" > \"${SCRIPT_OUTPUT_FILE_0}\"\n";
			showEnvVarsInLog = 0;
		};
		E1A9D14EF19F3637611D2E6B /* [CP] Embed Pods Frameworks */ = {
			isa = PBXShellScriptBuildPhase;
			buildActionMask = 2147483647;
			files = (
			);
			inputFileListPaths = (
				"${PODS_ROOT}/Target Support Files/Pods-MVVM-Article-Project/Pods-MVVM-Article-Project-frameworks-${CONFIGURATION}-input-files.xcfilelist",
			);
			name = "[CP] Embed Pods Frameworks";
			outputFileListPaths = (
				"${PODS_ROOT}/Target Support Files/Pods-MVVM-Article-Project/Pods-MVVM-Article-Project-frameworks-${CONFIGURATION}-output-files.xcfilelist",
			);
			runOnlyForDeploymentPostprocessing = 0;
			shellPath = /bin/sh;
			shellScript = "\"${PODS_ROOT}/Target Support Files/Pods-MVVM-Article-Project/Pods-MVVM-Article-Project-frameworks.sh\"\n";
			showEnvVarsInLog = 0;
		};
/* End PBXShellScriptBuildPhase section */

/* Begin PBXSourcesBuildPhase section */
		D1B51D9926C01DA400928FF3 /* Sources */ = {
			isa = PBXSourcesBuildPhase;
			buildActionMask = 2147483647;
			files = (
				D1B51DE426C0211600928FF3 /* Extension+CollectionView.swift in Sources */,
				D1B51DEE26C0217D00928FF3 /* Dynamic.swift in Sources */,
				D1B51DF826C0227A00928FF3 /* ArticleListTableViewController.swift in Sources */,
				D1B51DFC26C0229700928FF3 /* ArticleListCollectionViewCell.swift in Sources */,
				D1B51DE226C0210100928FF3 /* Extension+UITableView.swift in Sources */,
				D1B51DE026C020F000928FF3 /* Protocol+ResuableCell.swift in Sources */,
				D1B51E0626C02AE900928FF3 /* APIClientProtocol.swift in Sources */,
				D1B51DA126C01DA400928FF3 /* AppDelegate.swift in Sources */,
				D1B51E1E26C2DD4000928FF3 /* FileDataService.swift in Sources */,
				D1B51E0426C02ACF00928FF3 /* APIClient.swift in Sources */,
				D1B51DEA26C0214F00928FF3 /* BaseViewController.swift in Sources */,
				D1B51E1126C0D89800928FF3 /* APIClient2.swift in Sources */,
				D1B51E0226C0264B00928FF3 /* ArticleListViewModel.swift in Sources */,
				D1B51DF626C0227200928FF3 /* ArticleListCollectionViewController.swift in Sources */,
				D1B51DFE26C022AB00928FF3 /* ArticleListModel.swift in Sources */,
				D1B51DF426C021A300928FF3 /* Constants.swift in Sources */,
				D1B51DF026C0219300928FF3 /* APIRouter.swift in Sources */,
				D1B51DF226C0219B00928FF3 /* APIConstants.swift in Sources */,
				D1B51DFA26C0228A00928FF3 /* ArticleListTableViewCell.swift in Sources */,
				D1B51DA326C01DA400928FF3 /* SceneDelegate.swift in Sources */,
				D1B51DDE26C020E000928FF3 /* Protocol+CollectionViewCellDelegate.swift in Sources */,
				D1B51DEC26C0216E00928FF3 /* GenericDataSource.swift in Sources */,
				D1B51E0026C022B500928FF3 /* ArticleList.swift in Sources */,
			);
			runOnlyForDeploymentPostprocessing = 0;
		};
		D1B51DAF26C01DA500928FF3 /* Sources */ = {
			isa = PBXSourcesBuildPhase;
			buildActionMask = 2147483647;
			files = (
				D1B51E1326C0E0E000928FF3 /* ArticleListingViewModelTests.swift in Sources */,
				D1B51DB826C01DA500928FF3 /* MVVM_Article_ProjectTests.swift in Sources */,
			);
			runOnlyForDeploymentPostprocessing = 0;
		};
		D1B51DBA26C01DA500928FF3 /* Sources */ = {
			isa = PBXSourcesBuildPhase;
			buildActionMask = 2147483647;
			files = (
				D1B51DC326C01DA500928FF3 /* MVVM_Article_ProjectUITests.swift in Sources */,
			);
			runOnlyForDeploymentPostprocessing = 0;
		};
/* End PBXSourcesBuildPhase section */

/* Begin PBXTargetDependency section */
		D1B51DB526C01DA500928FF3 /* PBXTargetDependency */ = {
			isa = PBXTargetDependency;
			target = D1B51D9C26C01DA400928FF3 /* MVVM-Article-Project */;
			targetProxy = D1B51DB426C01DA500928FF3 /* PBXContainerItemProxy */;
		};
		D1B51DC026C01DA500928FF3 /* PBXTargetDependency */ = {
			isa = PBXTargetDependency;
			target = D1B51D9C26C01DA400928FF3 /* MVVM-Article-Project */;
			targetProxy = D1B51DBF26C01DA500928FF3 /* PBXContainerItemProxy */;
		};
/* End PBXTargetDependency section */

/* Begin PBXVariantGroup section */
		D1B51DA626C01DA400928FF3 /* Main.storyboard */ = {
			isa = PBXVariantGroup;
			children = (
				D1B51DA726C01DA400928FF3 /* Base */,
			);
			name = Main.storyboard;
			sourceTree = "<group>";
		};
		D1B51DAB26C01DA500928FF3 /* LaunchScreen.storyboard */ = {
			isa = PBXVariantGroup;
			children = (
				D1B51DAC26C01DA500928FF3 /* Base */,
			);
			name = LaunchScreen.storyboard;
			sourceTree = "<group>";
		};
/* End PBXVariantGroup section */

/* Begin XCBuildConfiguration section */
		D1B51DC526C01DA500928FF3 /* Debug */ = {
			isa = XCBuildConfiguration;
			buildSettings = {
				ALWAYS_SEARCH_USER_PATHS = NO;
				CLANG_ANALYZER_NONNULL = YES;
				CLANG_ANALYZER_NUMBER_OBJECT_CONVERSION = YES_AGGRESSIVE;
				CLANG_CXX_LANGUAGE_STANDARD = "gnu++14";
				CLANG_CXX_LIBRARY = "libc++";
				CLANG_ENABLE_MODULES = YES;
				CLANG_ENABLE_OBJC_ARC = YES;
				CLANG_ENABLE_OBJC_WEAK = YES;
				CLANG_WARN_BLOCK_CAPTURE_AUTORELEASING = YES;
				CLANG_WARN_BOOL_CONVERSION = YES;
				CLANG_WARN_COMMA = YES;
				CLANG_WARN_CONSTANT_CONVERSION = YES;
				CLANG_WARN_DEPRECATED_OBJC_IMPLEMENTATIONS = YES;
				CLANG_WARN_DIRECT_OBJC_ISA_USAGE = YES_ERROR;
				CLANG_WARN_DOCUMENTATION_COMMENTS = YES;
				CLANG_WARN_EMPTY_BODY = YES;
				CLANG_WARN_ENUM_CONVERSION = YES;
				CLANG_WARN_INFINITE_RECURSION = YES;
				CLANG_WARN_INT_CONVERSION = YES;
				CLANG_WARN_NON_LITERAL_NULL_CONVERSION = YES;
				CLANG_WARN_OBJC_IMPLICIT_RETAIN_SELF = YES;
				CLANG_WARN_OBJC_LITERAL_CONVERSION = YES;
				CLANG_WARN_OBJC_ROOT_CLASS = YES_ERROR;
				CLANG_WARN_QUOTED_INCLUDE_IN_FRAMEWORK_HEADER = YES;
				CLANG_WARN_RANGE_LOOP_ANALYSIS = YES;
				CLANG_WARN_STRICT_PROTOTYPES = YES;
				CLANG_WARN_SUSPICIOUS_MOVE = YES;
				CLANG_WARN_UNGUARDED_AVAILABILITY = YES_AGGRESSIVE;
				CLANG_WARN_UNREACHABLE_CODE = YES;
				CLANG_WARN__DUPLICATE_METHOD_MATCH = YES;
				COPY_PHASE_STRIP = NO;
				DEBUG_INFORMATION_FORMAT = dwarf;
				ENABLE_STRICT_OBJC_MSGSEND = YES;
				ENABLE_TESTABILITY = YES;
				GCC_C_LANGUAGE_STANDARD = gnu11;
				GCC_DYNAMIC_NO_PIC = NO;
				GCC_NO_COMMON_BLOCKS = YES;
				GCC_OPTIMIZATION_LEVEL = 0;
				GCC_PREPROCESSOR_DEFINITIONS = (
					"DEBUG=1",
					"$(inherited)",
				);
				GCC_WARN_64_TO_32_BIT_CONVERSION = YES;
				GCC_WARN_ABOUT_RETURN_TYPE = YES_ERROR;
				GCC_WARN_UNDECLARED_SELECTOR = YES;
				GCC_WARN_UNINITIALIZED_AUTOS = YES_AGGRESSIVE;
				GCC_WARN_UNUSED_FUNCTION = YES;
				GCC_WARN_UNUSED_VARIABLE = YES;
				IPHONEOS_DEPLOYMENT_TARGET = 14.5;
				MTL_ENABLE_DEBUG_INFO = INCLUDE_SOURCE;
				MTL_FAST_MATH = YES;
				ONLY_ACTIVE_ARCH = YES;
				SDKROOT = iphoneos;
				SWIFT_ACTIVE_COMPILATION_CONDITIONS = DEBUG;
				SWIFT_OPTIMIZATION_LEVEL = "-Onone";
			};
			name = Debug;
		};
		D1B51DC626C01DA500928FF3 /* Release */ = {
			isa = XCBuildConfiguration;
			buildSettings = {
				ALWAYS_SEARCH_USER_PATHS = NO;
				CLANG_ANALYZER_NONNULL = YES;
				CLANG_ANALYZER_NUMBER_OBJECT_CONVERSION = YES_AGGRESSIVE;
				CLANG_CXX_LANGUAGE_STANDARD = "gnu++14";
				CLANG_CXX_LIBRARY = "libc++";
				CLANG_ENABLE_MODULES = YES;
				CLANG_ENABLE_OBJC_ARC = YES;
				CLANG_ENABLE_OBJC_WEAK = YES;
				CLANG_WARN_BLOCK_CAPTURE_AUTORELEASING = YES;
				CLANG_WARN_BOOL_CONVERSION = YES;
				CLANG_WARN_COMMA = YES;
				CLANG_WARN_CONSTANT_CONVERSION = YES;
				CLANG_WARN_DEPRECATED_OBJC_IMPLEMENTATIONS = YES;
				CLANG_WARN_DIRECT_OBJC_ISA_USAGE = YES_ERROR;
				CLANG_WARN_DOCUMENTATION_COMMENTS = YES;
				CLANG_WARN_EMPTY_BODY = YES;
				CLANG_WARN_ENUM_CONVERSION = YES;
				CLANG_WARN_INFINITE_RECURSION = YES;
				CLANG_WARN_INT_CONVERSION = YES;
				CLANG_WARN_NON_LITERAL_NULL_CONVERSION = YES;
				CLANG_WARN_OBJC_IMPLICIT_RETAIN_SELF = YES;
				CLANG_WARN_OBJC_LITERAL_CONVERSION = YES;
				CLANG_WARN_OBJC_ROOT_CLASS = YES_ERROR;
				CLANG_WARN_QUOTED_INCLUDE_IN_FRAMEWORK_HEADER = YES;
				CLANG_WARN_RANGE_LOOP_ANALYSIS = YES;
				CLANG_WARN_STRICT_PROTOTYPES = YES;
				CLANG_WARN_SUSPICIOUS_MOVE = YES;
				CLANG_WARN_UNGUARDED_AVAILABILITY = YES_AGGRESSIVE;
				CLANG_WARN_UNREACHABLE_CODE = YES;
				CLANG_WARN__DUPLICATE_METHOD_MATCH = YES;
				COPY_PHASE_STRIP = NO;
				DEBUG_INFORMATION_FORMAT = "dwarf-with-dsym";
				ENABLE_NS_ASSERTIONS = NO;
				ENABLE_STRICT_OBJC_MSGSEND = YES;
				GCC_C_LANGUAGE_STANDARD = gnu11;
				GCC_NO_COMMON_BLOCKS = YES;
				GCC_WARN_64_TO_32_BIT_CONVERSION = YES;
				GCC_WARN_ABOUT_RETURN_TYPE = YES_ERROR;
				GCC_WARN_UNDECLARED_SELECTOR = YES;
				GCC_WARN_UNINITIALIZED_AUTOS = YES_AGGRESSIVE;
				GCC_WARN_UNUSED_FUNCTION = YES;
				GCC_WARN_UNUSED_VARIABLE = YES;
				IPHONEOS_DEPLOYMENT_TARGET = 14.5;
				MTL_ENABLE_DEBUG_INFO = NO;
				MTL_FAST_MATH = YES;
				SDKROOT = iphoneos;
				SWIFT_COMPILATION_MODE = wholemodule;
				SWIFT_OPTIMIZATION_LEVEL = "-O";
				VALIDATE_PRODUCT = YES;
			};
			name = Release;
		};
		D1B51DC826C01DA500928FF3 /* Debug */ = {
			isa = XCBuildConfiguration;
			baseConfigurationReference = 17621C57739484AAE6D22D07 /* Pods-MVVM-Article-Project.debug.xcconfig */;
			buildSettings = {
				ASSETCATALOG_COMPILER_APPICON_NAME = AppIcon;
				ASSETCATALOG_COMPILER_GLOBAL_ACCENT_COLOR_NAME = AccentColor;
				CODE_SIGN_STYLE = Automatic;
				DEVELOPMENT_TEAM = 2D94779J29;
				INFOPLIST_FILE = "MVVM-Article-Project/Configuare/Info.plist";
				LD_RUNPATH_SEARCH_PATHS = (
					"$(inherited)",
					"@executable_path/Frameworks",
				);
				PRODUCT_BUNDLE_IDENTIFIER = "Minha-Gwon.MVVM-Article-Project";
				PRODUCT_NAME = "$(TARGET_NAME)";
				SWIFT_VERSION = 5.0;
				TARGETED_DEVICE_FAMILY = "1,2";
			};
			name = Debug;
		};
		D1B51DC926C01DA500928FF3 /* Release */ = {
			isa = XCBuildConfiguration;
			baseConfigurationReference = D2D5007F0B25893A664ED249 /* Pods-MVVM-Article-Project.release.xcconfig */;
			buildSettings = {
				ASSETCATALOG_COMPILER_APPICON_NAME = AppIcon;
				ASSETCATALOG_COMPILER_GLOBAL_ACCENT_COLOR_NAME = AccentColor;
				CODE_SIGN_STYLE = Automatic;
				DEVELOPMENT_TEAM = 2D94779J29;
				INFOPLIST_FILE = "MVVM-Article-Project/Configuare/Info.plist";
				LD_RUNPATH_SEARCH_PATHS = (
					"$(inherited)",
					"@executable_path/Frameworks",
				);
				PRODUCT_BUNDLE_IDENTIFIER = "Minha-Gwon.MVVM-Article-Project";
				PRODUCT_NAME = "$(TARGET_NAME)";
				SWIFT_VERSION = 5.0;
				TARGETED_DEVICE_FAMILY = "1,2";
			};
			name = Release;
		};
		D1B51DCB26C01DA500928FF3 /* Debug */ = {
			isa = XCBuildConfiguration;
			baseConfigurationReference = 12ABAE016E99218AE23FFF1B /* Pods-MVVM-Article-ProjectTests.debug.xcconfig */;
			buildSettings = {
				ALWAYS_EMBED_SWIFT_STANDARD_LIBRARIES = YES;
				BUNDLE_LOADER = "$(TEST_HOST)";
				CODE_SIGN_STYLE = Automatic;
				DEVELOPMENT_TEAM = 2D94779J29;
				INFOPLIST_FILE = "MVVM-Article-ProjectTests/Info.plist";
				IPHONEOS_DEPLOYMENT_TARGET = 14.5;
				LD_RUNPATH_SEARCH_PATHS = (
					"$(inherited)",
					"@executable_path/Frameworks",
					"@loader_path/Frameworks",
				);
				PRODUCT_BUNDLE_IDENTIFIER = "Minha-Gwon.MVVM-Article-ProjectTests";
				PRODUCT_NAME = "$(TARGET_NAME)";
				SWIFT_VERSION = 5.0;
				TARGETED_DEVICE_FAMILY = "1,2";
				TEST_HOST = "$(BUILT_PRODUCTS_DIR)/MVVM-Article-Project.app/MVVM-Article-Project";
			};
			name = Debug;
		};
		D1B51DCC26C01DA500928FF3 /* Release */ = {
			isa = XCBuildConfiguration;
			baseConfigurationReference = C3CB204D4E06A4F24C180B23 /* Pods-MVVM-Article-ProjectTests.release.xcconfig */;
			buildSettings = {
				ALWAYS_EMBED_SWIFT_STANDARD_LIBRARIES = YES;
				BUNDLE_LOADER = "$(TEST_HOST)";
				CODE_SIGN_STYLE = Automatic;
				DEVELOPMENT_TEAM = 2D94779J29;
				INFOPLIST_FILE = "MVVM-Article-ProjectTests/Info.plist";
				IPHONEOS_DEPLOYMENT_TARGET = 14.5;
				LD_RUNPATH_SEARCH_PATHS = (
					"$(inherited)",
					"@executable_path/Frameworks",
					"@loader_path/Frameworks",
				);
				PRODUCT_BUNDLE_IDENTIFIER = "Minha-Gwon.MVVM-Article-ProjectTests";
				PRODUCT_NAME = "$(TARGET_NAME)";
				SWIFT_VERSION = 5.0;
				TARGETED_DEVICE_FAMILY = "1,2";
				TEST_HOST = "$(BUILT_PRODUCTS_DIR)/MVVM-Article-Project.app/MVVM-Article-Project";
			};
			name = Release;
		};
		D1B51DCE26C01DA500928FF3 /* Debug */ = {
			isa = XCBuildConfiguration;
			baseConfigurationReference = 447FD525CCF9968E1BCD73FC /* Pods-MVVM-Article-Project-MVVM-Article-ProjectUITests.debug.xcconfig */;
			buildSettings = {
				ALWAYS_EMBED_SWIFT_STANDARD_LIBRARIES = YES;
				CODE_SIGN_STYLE = Automatic;
				DEVELOPMENT_TEAM = 2D94779J29;
				INFOPLIST_FILE = "MVVM-Article-ProjectUITests/Info.plist";
				LD_RUNPATH_SEARCH_PATHS = (
					"$(inherited)",
					"@executable_path/Frameworks",
					"@loader_path/Frameworks",
				);
				PRODUCT_BUNDLE_IDENTIFIER = "Minha-Gwon.MVVM-Article-ProjectUITests";
				PRODUCT_NAME = "$(TARGET_NAME)";
				SWIFT_VERSION = 5.0;
				TARGETED_DEVICE_FAMILY = "1,2";
				TEST_TARGET_NAME = "MVVM-Article-Project";
			};
			name = Debug;
		};
		D1B51DCF26C01DA500928FF3 /* Release */ = {
			isa = XCBuildConfiguration;
			baseConfigurationReference = 68AAF0314CDECD3E4814EEB0 /* Pods-MVVM-Article-Project-MVVM-Article-ProjectUITests.release.xcconfig */;
			buildSettings = {
				ALWAYS_EMBED_SWIFT_STANDARD_LIBRARIES = YES;
				CODE_SIGN_STYLE = Automatic;
				DEVELOPMENT_TEAM = 2D94779J29;
				INFOPLIST_FILE = "MVVM-Article-ProjectUITests/Info.plist";
				LD_RUNPATH_SEARCH_PATHS = (
					"$(inherited)",
					"@executable_path/Frameworks",
					"@loader_path/Frameworks",
				);
				PRODUCT_BUNDLE_IDENTIFIER = "Minha-Gwon.MVVM-Article-ProjectUITests";
				PRODUCT_NAME = "$(TARGET_NAME)";
				SWIFT_VERSION = 5.0;
				TARGETED_DEVICE_FAMILY = "1,2";
				TEST_TARGET_NAME = "MVVM-Article-Project";
			};
			name = Release;
		};
/* End XCBuildConfiguration section */

/* Begin XCConfigurationList section */
		D1B51D9826C01DA400928FF3 /* Build configuration list for PBXProject "MVVM-Article-Project" */ = {
			isa = XCConfigurationList;
			buildConfigurations = (
				D1B51DC526C01DA500928FF3 /* Debug */,
				D1B51DC626C01DA500928FF3 /* Release */,
			);
			defaultConfigurationIsVisible = 0;
			defaultConfigurationName = Release;
		};
		D1B51DC726C01DA500928FF3 /* Build configuration list for PBXNativeTarget "MVVM-Article-Project" */ = {
			isa = XCConfigurationList;
			buildConfigurations = (
				D1B51DC826C01DA500928FF3 /* Debug */,
				D1B51DC926C01DA500928FF3 /* Release */,
			);
			defaultConfigurationIsVisible = 0;
			defaultConfigurationName = Release;
		};
		D1B51DCA26C01DA500928FF3 /* Build configuration list for PBXNativeTarget "MVVM-Article-ProjectTests" */ = {
			isa = XCConfigurationList;
			buildConfigurations = (
				D1B51DCB26C01DA500928FF3 /* Debug */,
				D1B51DCC26C01DA500928FF3 /* Release */,
			);
			defaultConfigurationIsVisible = 0;
			defaultConfigurationName = Release;
		};
		D1B51DCD26C01DA500928FF3 /* Build configuration list for PBXNativeTarget "MVVM-Article-ProjectUITests" */ = {
			isa = XCConfigurationList;
			buildConfigurations = (
				D1B51DCE26C01DA500928FF3 /* Debug */,
				D1B51DCF26C01DA500928FF3 /* Release */,
			);
			defaultConfigurationIsVisible = 0;
			defaultConfigurationName = Release;
		};
/* End XCConfigurationList section */
	};
	rootObject = D1B51D9526C01DA400928FF3 /* Project object */;
}
